// !$*UTF8*$!
{
	archiveVersion = 1;
	classes = {
	};
	objectVersion = 56;
	objects = {

/* Begin PBXBuildFile section */
		18F7B3AE2B108F2800FD8B5A /* RefreshableCryptoApp.swift in Sources */ = {isa = PBXBuildFile; fileRef = 18F7B3AD2B108F2800FD8B5A /* RefreshableCryptoApp.swift */; };
		18F7B3B02B108F2800FD8B5A /* ContentView.swift in Sources */ = {isa = PBXBuildFile; fileRef = 18F7B3AF2B108F2800FD8B5A /* ContentView.swift */; };
		18F7B3B22B108F2A00FD8B5A /* Assets.xcassets in Resources */ = {isa = PBXBuildFile; fileRef = 18F7B3B12B108F2A00FD8B5A /* Assets.xcassets */; };
		18F7B3B52B108F2A00FD8B5A /* Preview Assets.xcassets in Resources */ = {isa = PBXBuildFile; fileRef = 18F7B3B42B108F2A00FD8B5A /* Preview Assets.xcassets */; };
		18F7B3BF2B108F2A00FD8B5A /* RefreshableCryptoTests.swift in Sources */ = {isa = PBXBuildFile; fileRef = 18F7B3BE2B108F2A00FD8B5A /* RefreshableCryptoTests.swift */; };
		18F7B3C92B108F2A00FD8B5A /* RefreshableCryptoUITests.swift in Sources */ = {isa = PBXBuildFile; fileRef = 18F7B3C82B108F2A00FD8B5A /* RefreshableCryptoUITests.swift */; };
		18F7B3CB2B108F2A00FD8B5A /* RefreshableCryptoUITestsLaunchTests.swift in Sources */ = {isa = PBXBuildFile; fileRef = 18F7B3CA2B108F2A00FD8B5A /* RefreshableCryptoUITestsLaunchTests.swift */; };
		18F7B3D82B108F3800FD8B5A /* Coin.swift in Sources */ = {isa = PBXBuildFile; fileRef = 18F7B3D72B108F3800FD8B5A /* Coin.swift */; };
		18F7B3DA2B108F6400FD8B5A /* Service.swift in Sources */ = {isa = PBXBuildFile; fileRef = 18F7B3D92B108F6400FD8B5A /* Service.swift */; };
		18F7B3DC2B10902400FD8B5A /* CoinView.swift in Sources */ = {isa = PBXBuildFile; fileRef = 18F7B3DB2B10902400FD8B5A /* CoinView.swift */; };
		18F7B3DE2B10905600FD8B5A /* LogoView.swift in Sources */ = {isa = PBXBuildFile; fileRef = 18F7B3DD2B10905600FD8B5A /* LogoView.swift */; };
/* End PBXBuildFile section */

/* Begin PBXContainerItemProxy section */
		18F7B3BB2B108F2A00FD8B5A /* PBXContainerItemProxy */ = {
			isa = PBXContainerItemProxy;
			containerPortal = 18F7B3A22B108F2800FD8B5A /* Project object */;
			proxyType = 1;
			remoteGlobalIDString = 18F7B3A92B108F2800FD8B5A;
			remoteInfo = RefreshableCrypto;
		};
		18F7B3C52B108F2A00FD8B5A /* PBXContainerItemProxy */ = {
			isa = PBXContainerItemProxy;
			containerPortal = 18F7B3A22B108F2800FD8B5A /* Project object */;
			proxyType = 1;
			remoteGlobalIDString = 18F7B3A92B108F2800FD8B5A;
			remoteInfo = RefreshableCrypto;
		};
/* End PBXContainerItemProxy section */

/* Begin PBXFileReference section */
		18F7B3AA2B108F2800FD8B5A /* RefreshableCrypto.app */ = {isa = PBXFileReference; explicitFileType = wrapper.application; includeInIndex = 0; path = RefreshableCrypto.app; sourceTree = BUILT_PRODUCTS_DIR; };
		18F7B3AD2B108F2800FD8B5A /* RefreshableCryptoApp.swift */ = {isa = PBXFileReference; lastKnownFileType = sourcecode.swift; path = RefreshableCryptoApp.swift; sourceTree = "<group>"; };
		18F7B3AF2B108F2800FD8B5A /* ContentView.swift */ = {isa = PBXFileReference; lastKnownFileType = sourcecode.swift; path = ContentView.swift; sourceTree = "<group>"; };
		18F7B3B12B108F2A00FD8B5A /* Assets.xcassets */ = {isa = PBXFileReference; lastKnownFileType = folder.assetcatalog; path = Assets.xcassets; sourceTree = "<group>"; };
		18F7B3B42B108F2A00FD8B5A /* Preview Assets.xcassets */ = {isa = PBXFileReference; lastKnownFileType = folder.assetcatalog; path = "Preview Assets.xcassets"; sourceTree = "<group>"; };
		18F7B3BA2B108F2A00FD8B5A /* RefreshableCryptoTests.xctest */ = {isa = PBXFileReference; explicitFileType = wrapper.cfbundle; includeInIndex = 0; path = RefreshableCryptoTests.xctest; sourceTree = BUILT_PRODUCTS_DIR; };
		18F7B3BE2B108F2A00FD8B5A /* RefreshableCryptoTests.swift */ = {isa = PBXFileReference; lastKnownFileType = sourcecode.swift; path = RefreshableCryptoTests.swift; sourceTree = "<group>"; };
		18F7B3C42B108F2A00FD8B5A /* RefreshableCryptoUITests.xctest */ = {isa = PBXFileReference; explicitFileType = wrapper.cfbundle; includeInIndex = 0; path = RefreshableCryptoUITests.xctest; sourceTree = BUILT_PRODUCTS_DIR; };
		18F7B3C82B108F2A00FD8B5A /* RefreshableCryptoUITests.swift */ = {isa = PBXFileReference; lastKnownFileType = sourcecode.swift; path = RefreshableCryptoUITests.swift; sourceTree = "<group>"; };
		18F7B3CA2B108F2A00FD8B5A /* RefreshableCryptoUITestsLaunchTests.swift */ = {isa = PBXFileReference; lastKnownFileType = sourcecode.swift; path = RefreshableCryptoUITestsLaunchTests.swift; sourceTree = "<group>"; };
		18F7B3D72B108F3800FD8B5A /* Coin.swift */ = {isa = PBXFileReference; lastKnownFileType = sourcecode.swift; path = Coin.swift; sourceTree = "<group>"; };
		18F7B3D92B108F6400FD8B5A /* Service.swift */ = {isa = PBXFileReference; lastKnownFileType = sourcecode.swift; path = Service.swift; sourceTree = "<group>"; };
		18F7B3DB2B10902400FD8B5A /* CoinView.swift */ = {isa = PBXFileReference; lastKnownFileType = sourcecode.swift; path = CoinView.swift; sourceTree = "<group>"; };
		18F7B3DD2B10905600FD8B5A /* LogoView.swift */ = {isa = PBXFileReference; lastKnownFileType = sourcecode.swift; path = LogoView.swift; sourceTree = "<group>"; };
/* End PBXFileReference section */

/* Begin PBXFrameworksBuildPhase section */
		18F7B3A72B108F2800FD8B5A /* Frameworks */ = {
			isa = PBXFrameworksBuildPhase;
			buildActionMask = 2147483647;
			files = (
			);
			runOnlyForDeploymentPostprocessing = 0;
		};
		18F7B3B72B108F2A00FD8B5A /* Frameworks */ = {
			isa = PBXFrameworksBuildPhase;
			buildActionMask = 2147483647;
			files = (
			);
			runOnlyForDeploymentPostprocessing = 0;
		};
		18F7B3C12B108F2A00FD8B5A /* Frameworks */ = {
			isa = PBXFrameworksBuildPhase;
			buildActionMask = 2147483647;
			files = (
			);
			runOnlyForDeploymentPostprocessing = 0;
		};
/* End PBXFrameworksBuildPhase section */

/* Begin PBXGroup section */
		18F7B3A12B108F2800FD8B5A = {
			isa = PBXGroup;
			children = (
				18F7B3AC2B108F2800FD8B5A /* RefreshableCrypto */,
				18F7B3BD2B108F2A00FD8B5A /* RefreshableCryptoTests */,
				18F7B3C72B108F2A00FD8B5A /* RefreshableCryptoUITests */,
				18F7B3AB2B108F2800FD8B5A /* Products */,
			);
			sourceTree = "<group>";
		};
		18F7B3AB2B108F2800FD8B5A /* Products */ = {
			isa = PBXGroup;
			children = (
				18F7B3AA2B108F2800FD8B5A /* RefreshableCrypto.app */,
				18F7B3BA2B108F2A00FD8B5A /* RefreshableCryptoTests.xctest */,
				18F7B3C42B108F2A00FD8B5A /* RefreshableCryptoUITests.xctest */,
			);
			name = Products;
			sourceTree = "<group>";
		};
		18F7B3AC2B108F2800FD8B5A /* RefreshableCrypto */ = {
			isa = PBXGroup;
			children = (
				18F7B3AD2B108F2800FD8B5A /* RefreshableCryptoApp.swift */,
				18F7B3AF2B108F2800FD8B5A /* ContentView.swift */,
				18F7B3B12B108F2A00FD8B5A /* Assets.xcassets */,
				18F7B3B32B108F2A00FD8B5A /* Preview Content */,
				18F7B3D72B108F3800FD8B5A /* Coin.swift */,
				18F7B3D92B108F6400FD8B5A /* Service.swift */,
				18F7B3DB2B10902400FD8B5A /* CoinView.swift */,
				18F7B3DD2B10905600FD8B5A /* LogoView.swift */,
			);
			path = RefreshableCrypto;
			sourceTree = "<group>";
		};
		18F7B3B32B108F2A00FD8B5A /* Preview Content */ = {
			isa = PBXGroup;
			children = (
				18F7B3B42B108F2A00FD8B5A /* Preview Assets.xcassets */,
			);
			path = "Preview Content";
			sourceTree = "<group>";
		};
		18F7B3BD2B108F2A00FD8B5A /* RefreshableCryptoTests */ = {
			isa = PBXGroup;
			children = (
				18F7B3BE2B108F2A00FD8B5A /* RefreshableCryptoTests.swift */,
			);
			path = RefreshableCryptoTests;
			sourceTree = "<group>";
		};
		18F7B3C72B108F2A00FD8B5A /* RefreshableCryptoUITests */ = {
			isa = PBXGroup;
			children = (
				18F7B3C82B108F2A00FD8B5A /* RefreshableCryptoUITests.swift */,
				18F7B3CA2B108F2A00FD8B5A /* RefreshableCryptoUITestsLaunchTests.swift */,
			);
			path = RefreshableCryptoUITests;
			sourceTree = "<group>";
		};
/* End PBXGroup section */

/* Begin PBXNativeTarget section */
		18F7B3A92B108F2800FD8B5A /* RefreshableCrypto */ = {
			isa = PBXNativeTarget;
			buildConfigurationList = 18F7B3CE2B108F2A00FD8B5A /* Build configuration list for PBXNativeTarget "RefreshableCrypto" */;
			buildPhases = (
				18F7B3A62B108F2800FD8B5A /* Sources */,
				18F7B3A72B108F2800FD8B5A /* Frameworks */,
				18F7B3A82B108F2800FD8B5A /* Resources */,
			);
			buildRules = (
			);
			dependencies = (
			);
			name = RefreshableCrypto;
			productName = RefreshableCrypto;
			productReference = 18F7B3AA2B108F2800FD8B5A /* RefreshableCrypto.app */;
			productType = "com.apple.product-type.application";
		};
		18F7B3B92B108F2A00FD8B5A /* RefreshableCryptoTests */ = {
			isa = PBXNativeTarget;
			buildConfigurationList = 18F7B3D12B108F2A00FD8B5A /* Build configuration list for PBXNativeTarget "RefreshableCryptoTests" */;
			buildPhases = (
				18F7B3B62B108F2A00FD8B5A /* Sources */,
				18F7B3B72B108F2A00FD8B5A /* Frameworks */,
				18F7B3B82B108F2A00FD8B5A /* Resources */,
			);
			buildRules = (
			);
			dependencies = (
				18F7B3BC2B108F2A00FD8B5A /* PBXTargetDependency */,
			);
			name = RefreshableCryptoTests;
			productName = RefreshableCryptoTests;
			productReference = 18F7B3BA2B108F2A00FD8B5A /* RefreshableCryptoTests.xctest */;
			productType = "com.apple.product-type.bundle.unit-test";
		};
		18F7B3C32B108F2A00FD8B5A /* RefreshableCryptoUITests */ = {
			isa = PBXNativeTarget;
			buildConfigurationList = 18F7B3D42B108F2A00FD8B5A /* Build configuration list for PBXNativeTarget "RefreshableCryptoUITests" */;
			buildPhases = (
				18F7B3C02B108F2A00FD8B5A /* Sources */,
				18F7B3C12B108F2A00FD8B5A /* Frameworks */,
				18F7B3C22B108F2A00FD8B5A /* Resources */,
			);
			buildRules = (
			);
			dependencies = (
				18F7B3C62B108F2A00FD8B5A /* PBXTargetDependency */,
			);
			name = RefreshableCryptoUITests;
			productName = RefreshableCryptoUITests;
			productReference = 18F7B3C42B108F2A00FD8B5A /* RefreshableCryptoUITests.xctest */;
			productType = "com.apple.product-type.bundle.ui-testing";
		};
/* End PBXNativeTarget section */

/* Begin PBXProject section */
		18F7B3A22B108F2800FD8B5A /* Project object */ = {
			isa = PBXProject;
			attributes = {
				BuildIndependentTargetsInParallel = 1;
				LastSwiftUpdateCheck = 1500;
				LastUpgradeCheck = 1500;
				TargetAttributes = {
					18F7B3A92B108F2800FD8B5A = {
						CreatedOnToolsVersion = 15.0.1;
					};
					18F7B3B92B108F2A00FD8B5A = {
						CreatedOnToolsVersion = 15.0.1;
						TestTargetID = 18F7B3A92B108F2800FD8B5A;
					};
					18F7B3C32B108F2A00FD8B5A = {
						CreatedOnToolsVersion = 15.0.1;
						TestTargetID = 18F7B3A92B108F2800FD8B5A;
					};
				};
			};
			buildConfigurationList = 18F7B3A52B108F2800FD8B5A /* Build configuration list for PBXProject "RefreshableCrypto" */;
			compatibilityVersion = "Xcode 14.0";
			developmentRegion = en;
			hasScannedForEncodings = 0;
			knownRegions = (
				en,
				Base,
			);
			mainGroup = 18F7B3A12B108F2800FD8B5A;
			productRefGroup = 18F7B3AB2B108F2800FD8B5A /* Products */;
			projectDirPath = "";
			projectRoot = "";
			targets = (
				18F7B3A92B108F2800FD8B5A /* RefreshableCrypto */,
				18F7B3B92B108F2A00FD8B5A /* RefreshableCryptoTests */,
				18F7B3C32B108F2A00FD8B5A /* RefreshableCryptoUITests */,
			);
		};
/* End PBXProject section */

/* Begin PBXResourcesBuildPhase section */
		18F7B3A82B108F2800FD8B5A /* Resources */ = {
			isa = PBXResourcesBuildPhase;
			buildActionMask = 2147483647;
			files = (
				18F7B3B52B108F2A00FD8B5A /* Preview Assets.xcassets in Resources */,
				18F7B3B22B108F2A00FD8B5A /* Assets.xcassets in Resources */,
			);
			runOnlyForDeploymentPostprocessing = 0;
		};
		18F7B3B82B108F2A00FD8B5A /* Resources */ = {
			isa = PBXResourcesBuildPhase;
			buildActionMask = 2147483647;
			files = (
			);
			runOnlyForDeploymentPostprocessing = 0;
		};
		18F7B3C22B108F2A00FD8B5A /* Resources */ = {
			isa = PBXResourcesBuildPhase;
			buildActionMask = 2147483647;
			files = (
			);
			runOnlyForDeploymentPostprocessing = 0;
		};
/* End PBXResourcesBuildPhase section */

/* Begin PBXSourcesBuildPhase section */
		18F7B3A62B108F2800FD8B5A /* Sources */ = {
			isa = PBXSourcesBuildPhase;
			buildActionMask = 2147483647;
			files = (
				18F7B3DC2B10902400FD8B5A /* CoinView.swift in Sources */,
				18F7B3DE2B10905600FD8B5A /* LogoView.swift in Sources */,
				18F7B3D82B108F3800FD8B5A /* Coin.swift in Sources */,
				18F7B3DA2B108F6400FD8B5A /* Service.swift in Sources */,
				18F7B3B02B108F2800FD8B5A /* ContentView.swift in Sources */,
				18F7B3AE2B108F2800FD8B5A /* RefreshableCryptoApp.swift in Sources */,
			);
			runOnlyForDeploymentPostprocessing = 0;
		};
		18F7B3B62B108F2A00FD8B5A /* Sources */ = {
			isa = PBXSourcesBuildPhase;
			buildActionMask = 2147483647;
			files = (
				18F7B3BF2B108F2A00FD8B5A /* RefreshableCryptoTests.swift in Sources */,
			);
			runOnlyForDeploymentPostprocessing = 0;
		};
		18F7B3C02B108F2A00FD8B5A /* Sources */ = {
			isa = PBXSourcesBuildPhase;
			buildActionMask = 2147483647;
			files = (
				18F7B3C92B108F2A00FD8B5A /* RefreshableCryptoUITests.swift in Sources */,
				18F7B3CB2B108F2A00FD8B5A /* RefreshableCryptoUITestsLaunchTests.swift in Sources */,
			);
			runOnlyForDeploymentPostprocessing = 0;
		};
/* End PBXSourcesBuildPhase section */

/* Begin PBXTargetDependency section */
		18F7B3BC2B108F2A00FD8B5A /* PBXTargetDependency */ = {
			isa = PBXTargetDependency;
			target = 18F7B3A92B108F2800FD8B5A /* RefreshableCrypto */;
			targetProxy = 18F7B3BB2B108F2A00FD8B5A /* PBXContainerItemProxy */;
		};
		18F7B3C62B108F2A00FD8B5A /* PBXTargetDependency */ = {
			isa = PBXTargetDependency;
			target = 18F7B3A92B108F2800FD8B5A /* RefreshableCrypto */;
			targetProxy = 18F7B3C52B108F2A00FD8B5A /* PBXContainerItemProxy */;
		};
/* End PBXTargetDependency section */

/* Begin XCBuildConfiguration section */
		18F7B3CC2B108F2A00FD8B5A /* Debug */ = {
			isa = XCBuildConfiguration;
			buildSettings = {
				ALWAYS_SEARCH_USER_PATHS = NO;
				ASSETCATALOG_COMPILER_GENERATE_SWIFT_ASSET_SYMBOL_EXTENSIONS = YES;
				CLANG_ANALYZER_NONNULL = YES;
				CLANG_ANALYZER_NUMBER_OBJECT_CONVERSION = YES_AGGRESSIVE;
				CLANG_CXX_LANGUAGE_STANDARD = "gnu++20";
				CLANG_ENABLE_MODULES = YES;
				CLANG_ENABLE_OBJC_ARC = YES;
				CLANG_ENABLE_OBJC_WEAK = YES;
				CLANG_WARN_BLOCK_CAPTURE_AUTORELEASING = YES;
				CLANG_WARN_BOOL_CONVERSION = YES;
				CLANG_WARN_COMMA = YES;
				CLANG_WARN_CONSTANT_CONVERSION = YES;
				CLANG_WARN_DEPRECATED_OBJC_IMPLEMENTATIONS = YES;
				CLANG_WARN_DIRECT_OBJC_ISA_USAGE = YES_ERROR;
				CLANG_WARN_DOCUMENTATION_COMMENTS = YES;
				CLANG_WARN_EMPTY_BODY = YES;
				CLANG_WARN_ENUM_CONVERSION = YES;
				CLANG_WARN_INFINITE_RECURSION = YES;
				CLANG_WARN_INT_CONVERSION = YES;
				CLANG_WARN_NON_LITERAL_NULL_CONVERSION = YES;
				CLANG_WARN_OBJC_IMPLICIT_RETAIN_SELF = YES;
				CLANG_WARN_OBJC_LITERAL_CONVERSION = YES;
				CLANG_WARN_OBJC_ROOT_CLASS = YES_ERROR;
				CLANG_WARN_QUOTED_INCLUDE_IN_FRAMEWORK_HEADER = YES;
				CLANG_WARN_RANGE_LOOP_ANALYSIS = YES;
				CLANG_WARN_STRICT_PROTOTYPES = YES;
				CLANG_WARN_SUSPICIOUS_MOVE = YES;
				CLANG_WARN_UNGUARDED_AVAILABILITY = YES_AGGRESSIVE;
				CLANG_WARN_UNREACHABLE_CODE = YES;
				CLANG_WARN__DUPLICATE_METHOD_MATCH = YES;
				COPY_PHASE_STRIP = NO;
				DEBUG_INFORMATION_FORMAT = dwarf;
				ENABLE_STRICT_OBJC_MSGSEND = YES;
				ENABLE_TESTABILITY = YES;
				ENABLE_USER_SCRIPT_SANDBOXING = YES;
				GCC_C_LANGUAGE_STANDARD = gnu17;
				GCC_DYNAMIC_NO_PIC = NO;
				GCC_NO_COMMON_BLOCKS = YES;
				GCC_OPTIMIZATION_LEVEL = 0;
				GCC_PREPROCESSOR_DEFINITIONS = (
					"DEBUG=1",
					"$(inherited)",
				);
				GCC_WARN_64_TO_32_BIT_CONVERSION = YES;
				GCC_WARN_ABOUT_RETURN_TYPE = YES_ERROR;
				GCC_WARN_UNDECLARED_SELECTOR = YES;
				GCC_WARN_UNINITIALIZED_AUTOS = YES_AGGRESSIVE;
				GCC_WARN_UNUSED_FUNCTION = YES;
				GCC_WARN_UNUSED_VARIABLE = YES;
				IPHONEOS_DEPLOYMENT_TARGET = 17.0;
				LOCALIZATION_PREFERS_STRING_CATALOGS = YES;
				MTL_ENABLE_DEBUG_INFO = INCLUDE_SOURCE;
				MTL_FAST_MATH = YES;
				ONLY_ACTIVE_ARCH = YES;
				SDKROOT = iphoneos;
				SWIFT_ACTIVE_COMPILATION_CONDITIONS = "DEBUG $(inherited)";
				SWIFT_OPTIMIZATION_LEVEL = "-Onone";
			};
			name = Debug;
		};
		18F7B3CD2B108F2A00FD8B5A /* Release */ = {
			isa = XCBuildConfiguration;
			buildSettings = {
				ALWAYS_SEARCH_USER_PATHS = NO;
				ASSETCATALOG_COMPILER_GENERATE_SWIFT_ASSET_SYMBOL_EXTENSIONS = YES;
				CLANG_ANALYZER_NONNULL = YES;
				CLANG_ANALYZER_NUMBER_OBJECT_CONVERSION = YES_AGGRESSIVE;
				CLANG_CXX_LANGUAGE_STANDARD = "gnu++20";
				CLANG_ENABLE_MODULES = YES;
				CLANG_ENABLE_OBJC_ARC = YES;
				CLANG_ENABLE_OBJC_WEAK = YES;
				CLANG_WARN_BLOCK_CAPTURE_AUTORELEASING = YES;
				CLANG_WARN_BOOL_CONVERSION = YES;
				CLANG_WARN_COMMA = YES;
				CLANG_WARN_CONSTANT_CONVERSION = YES;
				CLANG_WARN_DEPRECATED_OBJC_IMPLEMENTATIONS = YES;
				CLANG_WARN_DIRECT_OBJC_ISA_USAGE = YES_ERROR;
				CLANG_WARN_DOCUMENTATION_COMMENTS = YES;
				CLANG_WARN_EMPTY_BODY = YES;
				CLANG_WARN_ENUM_CONVERSION = YES;
				CLANG_WARN_INFINITE_RECURSION = YES;
				CLANG_WARN_INT_CONVERSION = YES;
				CLANG_WARN_NON_LITERAL_NULL_CONVERSION = YES;
				CLANG_WARN_OBJC_IMPLICIT_RETAIN_SELF = YES;
				CLANG_WARN_OBJC_LITERAL_CONVERSION = YES;
				CLANG_WARN_OBJC_ROOT_CLASS = YES_ERROR;
				CLANG_WARN_QUOTED_INCLUDE_IN_FRAMEWORK_HEADER = YES;
				CLANG_WARN_RANGE_LOOP_ANALYSIS = YES;
				CLANG_WARN_STRICT_PROTOTYPES = YES;
				CLANG_WARN_SUSPICIOUS_MOVE = YES;
				CLANG_WARN_UNGUARDED_AVAILABILITY = YES_AGGRESSIVE;
				CLANG_WARN_UNREACHABLE_CODE = YES;
				CLANG_WARN__DUPLICATE_METHOD_MATCH = YES;
				COPY_PHASE_STRIP = NO;
				DEBUG_INFORMATION_FORMAT = "dwarf-with-dsym";
				ENABLE_NS_ASSERTIONS = NO;
				ENABLE_STRICT_OBJC_MSGSEND = YES;
				ENABLE_USER_SCRIPT_SANDBOXING = YES;
				GCC_C_LANGUAGE_STANDARD = gnu17;
				GCC_NO_COMMON_BLOCKS = YES;
				GCC_WARN_64_TO_32_BIT_CONVERSION = YES;
				GCC_WARN_ABOUT_RETURN_TYPE = YES_ERROR;
				GCC_WARN_UNDECLARED_SELECTOR = YES;
				GCC_WARN_UNINITIALIZED_AUTOS = YES_AGGRESSIVE;
				GCC_WARN_UNUSED_FUNCTION = YES;
				GCC_WARN_UNUSED_VARIABLE = YES;
				IPHONEOS_DEPLOYMENT_TARGET = 17.0;
				LOCALIZATION_PREFERS_STRING_CATALOGS = YES;
				MTL_ENABLE_DEBUG_INFO = NO;
				MTL_FAST_MATH = YES;
				SDKROOT = iphoneos;
				SWIFT_COMPILATION_MODE = wholemodule;
				VALIDATE_PRODUCT = YES;
			};
			name = Release;
		};
		18F7B3CF2B108F2A00FD8B5A /* Debug */ = {
			isa = XCBuildConfiguration;
			buildSettings = {
				ASSETCATALOG_COMPILER_APPICON_NAME = AppIcon;
				ASSETCATALOG_COMPILER_GLOBAL_ACCENT_COLOR_NAME = AccentColor;
				CODE_SIGN_STYLE = Automatic;
				CURRENT_PROJECT_VERSION = 1;
				DEVELOPMENT_ASSET_PATHS = "\"RefreshableCrypto/Preview Content\"";
				DEVELOPMENT_TEAM = 79MK4FZV6Q;
				ENABLE_PREVIEWS = YES;
				GENERATE_INFOPLIST_FILE = YES;
				INFOPLIST_KEY_UIApplicationSceneManifest_Generation = YES;
				INFOPLIST_KEY_UIApplicationSupportsIndirectInputEvents = YES;
				INFOPLIST_KEY_UILaunchScreen_Generation = YES;
				INFOPLIST_KEY_UISupportedInterfaceOrientations_iPad = "UIInterfaceOrientationPortrait UIInterfaceOrientationPortraitUpsideDown UIInterfaceOrientationLandscapeLeft UIInterfaceOrientationLandscapeRight";
				INFOPLIST_KEY_UISupportedInterfaceOrientations_iPhone = "UIInterfaceOrientationPortrait UIInterfaceOrientationLandscapeLeft UIInterfaceOrientationLandscapeRight";
				LD_RUNPATH_SEARCH_PATHS = (
					"$(inherited)",
					"@executable_path/Frameworks",
				);
				MARKETING_VERSION = 1.0;
				PRODUCT_BUNDLE_IDENTIFIER = com.example.enfycius.RefreshableCrypto;
				PRODUCT_NAME = "$(TARGET_NAME)";
				SWIFT_EMIT_LOC_STRINGS = YES;
				SWIFT_VERSION = 5.0;
				TARGETED_DEVICE_FAMILY = "1,2";
			};
			name = Debug;
		};
		18F7B3D02B108F2A00FD8B5A /* Release */ = {
			isa = XCBuildConfiguration;
			buildSettings = {
				ASSETCATALOG_COMPILER_APPICON_NAME = AppIcon;
				ASSETCATALOG_COMPILER_GLOBAL_ACCENT_COLOR_NAME = AccentColor;
				CODE_SIGN_STYLE = Automatic;
				CURRENT_PROJECT_VERSION = 1;
				DEVELOPMENT_ASSET_PATHS = "\"RefreshableCrypto/Preview Content\"";
				DEVELOPMENT_TEAM = 79MK4FZV6Q;
				ENABLE_PREVIEWS = YES;
				GENERATE_INFOPLIST_FILE = YES;
				INFOPLIST_KEY_UIApplicationSceneManifest_Generation = YES;
				INFOPLIST_KEY_UIApplicationSupportsIndirectInputEvents = YES;
				INFOPLIST_KEY_UILaunchScreen_Generation = YES;
				INFOPLIST_KEY_UISupportedInterfaceOrientations_iPad = "UIInterfaceOrientationPortrait UIInterfaceOrientationPortraitUpsideDown UIInterfaceOrientationLandscapeLeft UIInterfaceOrientationLandscapeRight";
				INFOPLIST_KEY_UISupportedInterfaceOrientations_iPhone = "UIInterfaceOrientationPortrait UIInterfaceOrientationLandscapeLeft UIInterfaceOrientationLandscapeRight";
				LD_RUNPATH_SEARCH_PATHS = (
					"$(inherited)",
					"@executable_path/Frameworks",
				);
				MARKETING_VERSION = 1.0;
				PRODUCT_BUNDLE_IDENTIFIER = com.example.enfycius.RefreshableCrypto;
				PRODUCT_NAME = "$(TARGET_NAME)";
				SWIFT_EMIT_LOC_STRINGS = YES;
				SWIFT_VERSION = 5.0;
				TARGETED_DEVICE_FAMILY = "1,2";
			};
			name = Release;
		};
		18F7B3D22B108F2A00FD8B5A /* Debug */ = {
			isa = XCBuildConfiguration;
			buildSettings = {
				ALWAYS_EMBED_SWIFT_STANDARD_LIBRARIES = YES;
				BUNDLE_LOADER = "$(TEST_HOST)";
				CODE_SIGN_STYLE = Automatic;
				CURRENT_PROJECT_VERSION = 1;
				DEVELOPMENT_TEAM = 79MK4FZV6Q;
				GENERATE_INFOPLIST_FILE = YES;
				IPHONEOS_DEPLOYMENT_TARGET = 17.0;
				MARKETING_VERSION = 1.0;
				PRODUCT_BUNDLE_IDENTIFIER = com.example.enfycius.RefreshableCryptoTests;
				PRODUCT_NAME = "$(TARGET_NAME)";
				SWIFT_EMIT_LOC_STRINGS = NO;
				SWIFT_VERSION = 5.0;
				TARGETED_DEVICE_FAMILY = "1,2";
				TEST_HOST = "$(BUILT_PRODUCTS_DIR)/RefreshableCrypto.app/$(BUNDLE_EXECUTABLE_FOLDER_PATH)/RefreshableCrypto";
			};
			name = Debug;
		};
		18F7B3D32B108F2A00FD8B5A /* Release */ = {
			isa = XCBuildConfiguration;
			buildSettings = {
				ALWAYS_EMBED_SWIFT_STANDARD_LIBRARIES = YES;
				BUNDLE_LOADER = "$(TEST_HOST)";
				CODE_SIGN_STYLE = Automatic;
				CURRENT_PROJECT_VERSION = 1;
				DEVELOPMENT_TEAM = 79MK4FZV6Q;
				GENERATE_INFOPLIST_FILE = YES;
				IPHONEOS_DEPLOYMENT_TARGET = 17.0;
				MARKETING_VERSION = 1.0;
				PRODUCT_BUNDLE_IDENTIFIER = com.example.enfycius.RefreshableCryptoTests;
				PRODUCT_NAME = "$(TARGET_NAME)";
				SWIFT_EMIT_LOC_STRINGS = NO;
				SWIFT_VERSION = 5.0;
				TARGETED_DEVICE_FAMILY = "1,2";
				TEST_HOST = "$(BUILT_PRODUCTS_DIR)/RefreshableCrypto.app/$(BUNDLE_EXECUTABLE_FOLDER_PATH)/RefreshableCrypto";
			};
			name = Release;
		};
		18F7B3D52B108F2A00FD8B5A /* Debug */ = {
			isa = XCBuildConfiguration;
			buildSettings = {
				ALWAYS_EMBED_SWIFT_STANDARD_LIBRARIES = YES;
				CODE_SIGN_STYLE = Automatic;
				CURRENT_PROJECT_VERSION = 1;
				DEVELOPMENT_TEAM = 79MK4FZV6Q;
				GENERATE_INFOPLIST_FILE = YES;
				MARKETING_VERSION = 1.0;
				PRODUCT_BUNDLE_IDENTIFIER = com.example.enfycius.RefreshableCryptoUITests;
				PRODUCT_NAME = "$(TARGET_NAME)";
				SWIFT_EMIT_LOC_STRINGS = NO;
				SWIFT_VERSION = 5.0;
				TARGETED_DEVICE_FAMILY = "1,2";
				TEST_TARGET_NAME = RefreshableCrypto;
			};
			name = Debug;
		};
		18F7B3D62B108F2A00FD8B5A /* Release */ = {
			isa = XCBuildConfiguration;
			buildSettings = {
				ALWAYS_EMBED_SWIFT_STANDARD_LIBRARIES = YES;
				CODE_SIGN_STYLE = Automatic;
				CURRENT_PROJECT_VERSION = 1;
				DEVELOPMENT_TEAM = 79MK4FZV6Q;
				GENERATE_INFOPLIST_FILE = YES;
				MARKETING_VERSION = 1.0;
				PRODUCT_BUNDLE_IDENTIFIER = com.example.enfycius.RefreshableCryptoUITests;
				PRODUCT_NAME = "$(TARGET_NAME)";
				SWIFT_EMIT_LOC_STRINGS = NO;
				SWIFT_VERSION = 5.0;
				TARGETED_DEVICE_FAMILY = "1,2";
				TEST_TARGET_NAME = RefreshableCrypto;
			};
			name = Release;
		};
/* End XCBuildConfiguration section */

/* Begin XCConfigurationList section */
		18F7B3A52B108F2800FD8B5A /* Build configuration list for PBXProject "RefreshableCrypto" */ = {
			isa = XCConfigurationList;
			buildConfigurations = (
				18F7B3CC2B108F2A00FD8B5A /* Debug */,
				18F7B3CD2B108F2A00FD8B5A /* Release */,
			);
			defaultConfigurationIsVisible = 0;
			defaultConfigurationName = Release;
		};
		18F7B3CE2B108F2A00FD8B5A /* Build configuration list for PBXNativeTarget "RefreshableCrypto" */ = {
			isa = XCConfigurationList;
			buildConfigurations = (
				18F7B3CF2B108F2A00FD8B5A /* Debug */,
				18F7B3D02B108F2A00FD8B5A /* Release */,
			);
			defaultConfigurationIsVisible = 0;
			defaultConfigurationName = Release;
		};
		18F7B3D12B108F2A00FD8B5A /* Build configuration list for PBXNativeTarget "RefreshableCryptoTests" */ = {
			isa = XCConfigurationList;
			buildConfigurations = (
				18F7B3D22B108F2A00FD8B5A /* Debug */,
				18F7B3D32B108F2A00FD8B5A /* Release */,
			);
			defaultConfigurationIsVisible = 0;
			defaultConfigurationName = Release;
		};
		18F7B3D42B108F2A00FD8B5A /* Build configuration list for PBXNativeTarget "RefreshableCryptoUITests" */ = {
			isa = XCConfigurationList;
			buildConfigurations = (
				18F7B3D52B108F2A00FD8B5A /* Debug */,
				18F7B3D62B108F2A00FD8B5A /* Release */,
			);
			defaultConfigurationIsVisible = 0;
			defaultConfigurationName = Release;
		};
/* End XCConfigurationList section */
	};
	rootObject = 18F7B3A22B108F2800FD8B5A /* Project object */;
}
