// !$*UTF8*$!
{
	archiveVersion = 1;
	classes = {
	};
	objectVersion = 56;
	objects = {

/* Begin PBXBuildFile section */
		18B1C99B2A6712B90087AF8B /* RestaurantListViewController.swift in Sources */ = {isa = PBXBuildFile; fileRef = 18B1C99A2A6712B90087AF8B /* RestaurantListViewController.swift */; };
		18C58F672A6311CD00876842 /* AppDelegate.swift in Sources */ = {isa = PBXBuildFile; fileRef = 18C58F662A6311CD00876842 /* AppDelegate.swift */; };
		18C58F692A6311CD00876842 /* SceneDelegate.swift in Sources */ = {isa = PBXBuildFile; fileRef = 18C58F682A6311CD00876842 /* SceneDelegate.swift */; };
		18C58F6E2A6311CD00876842 /* Main.storyboard in Resources */ = {isa = PBXBuildFile; fileRef = 18C58F6C2A6311CD00876842 /* Main.storyboard */; };
		18C58F732A6311CE00876842 /* LaunchScreen.storyboard in Resources */ = {isa = PBXBuildFile; fileRef = 18C58F712A6311CE00876842 /* LaunchScreen.storyboard */; };
		18C58F7E2A6311CE00876842 /* Let_s_EatTests.swift in Sources */ = {isa = PBXBuildFile; fileRef = 18C58F7D2A6311CE00876842 /* Let_s_EatTests.swift */; };
		18C58F882A6311CE00876842 /* Let_s_EatUITests.swift in Sources */ = {isa = PBXBuildFile; fileRef = 18C58F872A6311CE00876842 /* Let_s_EatUITests.swift */; };
		18C58F8A2A6311CE00876842 /* Let_s_EatUITestsLaunchTests.swift in Sources */ = {isa = PBXBuildFile; fileRef = 18C58F892A6311CE00876842 /* Let_s_EatUITestsLaunchTests.swift */; };
		18C58F972A647D6900876842 /* Assets.xcassets in Resources */ = {isa = PBXBuildFile; fileRef = 18C58F962A647D6900876842 /* Assets.xcassets */; };
		18C58F9A2A64875400876842 /* ExploreViewController.swift in Sources */ = {isa = PBXBuildFile; fileRef = 18C58F992A64875400876842 /* ExploreViewController.swift */; };
/* End PBXBuildFile section */

/* Begin PBXContainerItemProxy section */
		18C58F7A2A6311CE00876842 /* PBXContainerItemProxy */ = {
			isa = PBXContainerItemProxy;
			containerPortal = 18C58F5B2A6311CD00876842 /* Project object */;
			proxyType = 1;
			remoteGlobalIDString = 18C58F622A6311CD00876842;
			remoteInfo = "Let's Eat";
		};
		18C58F842A6311CE00876842 /* PBXContainerItemProxy */ = {
			isa = PBXContainerItemProxy;
			containerPortal = 18C58F5B2A6311CD00876842 /* Project object */;
			proxyType = 1;
			remoteGlobalIDString = 18C58F622A6311CD00876842;
			remoteInfo = "Let's Eat";
		};
/* End PBXContainerItemProxy section */

/* Begin PBXFileReference section */
		18B1C99A2A6712B90087AF8B /* RestaurantListViewController.swift */ = {isa = PBXFileReference; lastKnownFileType = sourcecode.swift; path = RestaurantListViewController.swift; sourceTree = "<group>"; };
		18C58F632A6311CD00876842 /* Let's Eat.app */ = {isa = PBXFileReference; explicitFileType = wrapper.application; includeInIndex = 0; path = "Let's Eat.app"; sourceTree = BUILT_PRODUCTS_DIR; };
		18C58F662A6311CD00876842 /* AppDelegate.swift */ = {isa = PBXFileReference; lastKnownFileType = sourcecode.swift; path = AppDelegate.swift; sourceTree = "<group>"; };
		18C58F682A6311CD00876842 /* SceneDelegate.swift */ = {isa = PBXFileReference; lastKnownFileType = sourcecode.swift; path = SceneDelegate.swift; sourceTree = "<group>"; };
		18C58F6D2A6311CD00876842 /* Base */ = {isa = PBXFileReference; lastKnownFileType = file.storyboard; name = Base; path = Base.lproj/Main.storyboard; sourceTree = "<group>"; };
		18C58F722A6311CE00876842 /* Base */ = {isa = PBXFileReference; lastKnownFileType = file.storyboard; name = Base; path = Base.lproj/LaunchScreen.storyboard; sourceTree = "<group>"; };
		18C58F742A6311CE00876842 /* Info.plist */ = {isa = PBXFileReference; lastKnownFileType = text.plist.xml; path = Info.plist; sourceTree = "<group>"; };
		18C58F792A6311CE00876842 /* Let's EatTests.xctest */ = {isa = PBXFileReference; explicitFileType = wrapper.cfbundle; includeInIndex = 0; path = "Let's EatTests.xctest"; sourceTree = BUILT_PRODUCTS_DIR; };
		18C58F7D2A6311CE00876842 /* Let_s_EatTests.swift */ = {isa = PBXFileReference; lastKnownFileType = sourcecode.swift; path = Let_s_EatTests.swift; sourceTree = "<group>"; };
		18C58F832A6311CE00876842 /* Let's EatUITests.xctest */ = {isa = PBXFileReference; explicitFileType = wrapper.cfbundle; includeInIndex = 0; path = "Let's EatUITests.xctest"; sourceTree = BUILT_PRODUCTS_DIR; };
		18C58F872A6311CE00876842 /* Let_s_EatUITests.swift */ = {isa = PBXFileReference; lastKnownFileType = sourcecode.swift; path = Let_s_EatUITests.swift; sourceTree = "<group>"; };
		18C58F892A6311CE00876842 /* Let_s_EatUITestsLaunchTests.swift */ = {isa = PBXFileReference; lastKnownFileType = sourcecode.swift; path = Let_s_EatUITestsLaunchTests.swift; sourceTree = "<group>"; };
		18C58F962A647D6900876842 /* Assets.xcassets */ = {isa = PBXFileReference; lastKnownFileType = folder.assetcatalog; path = Assets.xcassets; sourceTree = "<group>"; };
		18C58F992A64875400876842 /* ExploreViewController.swift */ = {isa = PBXFileReference; lastKnownFileType = sourcecode.swift; path = ExploreViewController.swift; sourceTree = "<group>"; };
/* End PBXFileReference section */

/* Begin PBXFrameworksBuildPhase section */
		18C58F602A6311CD00876842 /* Frameworks */ = {
			isa = PBXFrameworksBuildPhase;
			buildActionMask = 2147483647;
			files = (
			);
			runOnlyForDeploymentPostprocessing = 0;
		};
		18C58F762A6311CE00876842 /* Frameworks */ = {
			isa = PBXFrameworksBuildPhase;
			buildActionMask = 2147483647;
			files = (
			);
			runOnlyForDeploymentPostprocessing = 0;
		};
		18C58F802A6311CE00876842 /* Frameworks */ = {
			isa = PBXFrameworksBuildPhase;
			buildActionMask = 2147483647;
			files = (
			);
			runOnlyForDeploymentPostprocessing = 0;
		};
/* End PBXFrameworksBuildPhase section */

/* Begin PBXGroup section */
		18B1C9992A6712930087AF8B /* Restaurants */ = {
			isa = PBXGroup;
			children = (
				18B1C99A2A6712B90087AF8B /* RestaurantListViewController.swift */,
			);
			path = Restaurants;
			sourceTree = "<group>";
		};
		18C58F5A2A6311CD00876842 = {
			isa = PBXGroup;
			children = (
				18C58F652A6311CD00876842 /* Let's Eat */,
				18C58F7C2A6311CE00876842 /* Let's EatTests */,
				18C58F862A6311CE00876842 /* Let's EatUITests */,
				18C58F642A6311CD00876842 /* Products */,
			);
			sourceTree = "<group>";
		};
		18C58F642A6311CD00876842 /* Products */ = {
			isa = PBXGroup;
			children = (
				18C58F632A6311CD00876842 /* Let's Eat.app */,
				18C58F792A6311CE00876842 /* Let's EatTests.xctest */,
				18C58F832A6311CE00876842 /* Let's EatUITests.xctest */,
			);
			name = Products;
			sourceTree = "<group>";
		};
		18C58F652A6311CD00876842 /* Let's Eat */ = {
			isa = PBXGroup;
			children = (
				18B1C9992A6712930087AF8B /* Restaurants */,
				18C58F982A6486DA00876842 /* Explore */,
				18C58F662A6311CD00876842 /* AppDelegate.swift */,
				18C58F682A6311CD00876842 /* SceneDelegate.swift */,
				18C58F6C2A6311CD00876842 /* Main.storyboard */,
				18C58F962A647D6900876842 /* Assets.xcassets */,
				18C58F712A6311CE00876842 /* LaunchScreen.storyboard */,
				18C58F742A6311CE00876842 /* Info.plist */,
			);
			path = "Let's Eat";
			sourceTree = "<group>";
		};
		18C58F7C2A6311CE00876842 /* Let's EatTests */ = {
			isa = PBXGroup;
			children = (
				18C58F7D2A6311CE00876842 /* Let_s_EatTests.swift */,
			);
			path = "Let's EatTests";
			sourceTree = "<group>";
		};
		18C58F862A6311CE00876842 /* Let's EatUITests */ = {
			isa = PBXGroup;
			children = (
				18C58F872A6311CE00876842 /* Let_s_EatUITests.swift */,
				18C58F892A6311CE00876842 /* Let_s_EatUITestsLaunchTests.swift */,
			);
			path = "Let's EatUITests";
			sourceTree = "<group>";
		};
		18C58F982A6486DA00876842 /* Explore */ = {
			isa = PBXGroup;
			children = (
				18C58F992A64875400876842 /* ExploreViewController.swift */,
			);
			path = Explore;
			sourceTree = "<group>";
		};
/* End PBXGroup section */

/* Begin PBXNativeTarget section */
		18C58F622A6311CD00876842 /* Let's Eat */ = {
			isa = PBXNativeTarget;
			buildConfigurationList = 18C58F8D2A6311CE00876842 /* Build configuration list for PBXNativeTarget "Let's Eat" */;
			buildPhases = (
				18C58F5F2A6311CD00876842 /* Sources */,
				18C58F602A6311CD00876842 /* Frameworks */,
				18C58F612A6311CD00876842 /* Resources */,
			);
			buildRules = (
			);
			dependencies = (
			);
			name = "Let's Eat";
			productName = "Let's Eat";
			productReference = 18C58F632A6311CD00876842 /* Let's Eat.app */;
			productType = "com.apple.product-type.application";
		};
		18C58F782A6311CE00876842 /* Let's EatTests */ = {
			isa = PBXNativeTarget;
			buildConfigurationList = 18C58F902A6311CE00876842 /* Build configuration list for PBXNativeTarget "Let's EatTests" */;
			buildPhases = (
				18C58F752A6311CE00876842 /* Sources */,
				18C58F762A6311CE00876842 /* Frameworks */,
				18C58F772A6311CE00876842 /* Resources */,
			);
			buildRules = (
			);
			dependencies = (
				18C58F7B2A6311CE00876842 /* PBXTargetDependency */,
			);
			name = "Let's EatTests";
			productName = "Let's EatTests";
			productReference = 18C58F792A6311CE00876842 /* Let's EatTests.xctest */;
			productType = "com.apple.product-type.bundle.unit-test";
		};
		18C58F822A6311CE00876842 /* Let's EatUITests */ = {
			isa = PBXNativeTarget;
			buildConfigurationList = 18C58F932A6311CE00876842 /* Build configuration list for PBXNativeTarget "Let's EatUITests" */;
			buildPhases = (
				18C58F7F2A6311CE00876842 /* Sources */,
				18C58F802A6311CE00876842 /* Frameworks */,
				18C58F812A6311CE00876842 /* Resources */,
			);
			buildRules = (
			);
			dependencies = (
				18C58F852A6311CE00876842 /* PBXTargetDependency */,
			);
			name = "Let's EatUITests";
			productName = "Let's EatUITests";
			productReference = 18C58F832A6311CE00876842 /* Let's EatUITests.xctest */;
			productType = "com.apple.product-type.bundle.ui-testing";
		};
/* End PBXNativeTarget section */

/* Begin PBXProject section */
		18C58F5B2A6311CD00876842 /* Project object */ = {
			isa = PBXProject;
			attributes = {
				BuildIndependentTargetsInParallel = 1;
				LastSwiftUpdateCheck = 1430;
				LastUpgradeCheck = 1430;
				TargetAttributes = {
					18C58F622A6311CD00876842 = {
						CreatedOnToolsVersion = 14.3.1;
					};
					18C58F782A6311CE00876842 = {
						CreatedOnToolsVersion = 14.3.1;
						TestTargetID = 18C58F622A6311CD00876842;
					};
					18C58F822A6311CE00876842 = {
						CreatedOnToolsVersion = 14.3.1;
						TestTargetID = 18C58F622A6311CD00876842;
					};
				};
			};
			buildConfigurationList = 18C58F5E2A6311CD00876842 /* Build configuration list for PBXProject "Let's Eat" */;
			compatibilityVersion = "Xcode 14.0";
			developmentRegion = en;
			hasScannedForEncodings = 0;
			knownRegions = (
				en,
				Base,
			);
			mainGroup = 18C58F5A2A6311CD00876842;
			productRefGroup = 18C58F642A6311CD00876842 /* Products */;
			projectDirPath = "";
			projectRoot = "";
			targets = (
				18C58F622A6311CD00876842 /* Let's Eat */,
				18C58F782A6311CE00876842 /* Let's EatTests */,
				18C58F822A6311CE00876842 /* Let's EatUITests */,
			);
		};
/* End PBXProject section */

/* Begin PBXResourcesBuildPhase section */
		18C58F612A6311CD00876842 /* Resources */ = {
			isa = PBXResourcesBuildPhase;
			buildActionMask = 2147483647;
			files = (
				18C58F732A6311CE00876842 /* LaunchScreen.storyboard in Resources */,
				18C58F972A647D6900876842 /* Assets.xcassets in Resources */,
				18C58F6E2A6311CD00876842 /* Main.storyboard in Resources */,
			);
			runOnlyForDeploymentPostprocessing = 0;
		};
		18C58F772A6311CE00876842 /* Resources */ = {
			isa = PBXResourcesBuildPhase;
			buildActionMask = 2147483647;
			files = (
			);
			runOnlyForDeploymentPostprocessing = 0;
		};
		18C58F812A6311CE00876842 /* Resources */ = {
			isa = PBXResourcesBuildPhase;
			buildActionMask = 2147483647;
			files = (
			);
			runOnlyForDeploymentPostprocessing = 0;
		};
/* End PBXResourcesBuildPhase section */

/* Begin PBXSourcesBuildPhase section */
		18C58F5F2A6311CD00876842 /* Sources */ = {
			isa = PBXSourcesBuildPhase;
			buildActionMask = 2147483647;
			files = (
				18C58F672A6311CD00876842 /* AppDelegate.swift in Sources */,
				18B1C99B2A6712B90087AF8B /* RestaurantListViewController.swift in Sources */,
				18C58F692A6311CD00876842 /* SceneDelegate.swift in Sources */,
				18C58F9A2A64875400876842 /* ExploreViewController.swift in Sources */,
			);
			runOnlyForDeploymentPostprocessing = 0;
		};
		18C58F752A6311CE00876842 /* Sources */ = {
			isa = PBXSourcesBuildPhase;
			buildActionMask = 2147483647;
			files = (
				18C58F7E2A6311CE00876842 /* Let_s_EatTests.swift in Sources */,
			);
			runOnlyForDeploymentPostprocessing = 0;
		};
		18C58F7F2A6311CE00876842 /* Sources */ = {
			isa = PBXSourcesBuildPhase;
			buildActionMask = 2147483647;
			files = (
				18C58F882A6311CE00876842 /* Let_s_EatUITests.swift in Sources */,
				18C58F8A2A6311CE00876842 /* Let_s_EatUITestsLaunchTests.swift in Sources */,
			);
			runOnlyForDeploymentPostprocessing = 0;
		};
/* End PBXSourcesBuildPhase section */

/* Begin PBXTargetDependency section */
		18C58F7B2A6311CE00876842 /* PBXTargetDependency */ = {
			isa = PBXTargetDependency;
			target = 18C58F622A6311CD00876842 /* Let's Eat */;
			targetProxy = 18C58F7A2A6311CE00876842 /* PBXContainerItemProxy */;
		};
		18C58F852A6311CE00876842 /* PBXTargetDependency */ = {
			isa = PBXTargetDependency;
			target = 18C58F622A6311CD00876842 /* Let's Eat */;
			targetProxy = 18C58F842A6311CE00876842 /* PBXContainerItemProxy */;
		};
/* End PBXTargetDependency section */

/* Begin PBXVariantGroup section */
		18C58F6C2A6311CD00876842 /* Main.storyboard */ = {
			isa = PBXVariantGroup;
			children = (
				18C58F6D2A6311CD00876842 /* Base */,
			);
			name = Main.storyboard;
			sourceTree = "<group>";
		};
		18C58F712A6311CE00876842 /* LaunchScreen.storyboard */ = {
			isa = PBXVariantGroup;
			children = (
				18C58F722A6311CE00876842 /* Base */,
			);
			name = LaunchScreen.storyboard;
			sourceTree = "<group>";
		};
/* End PBXVariantGroup section */

/* Begin XCBuildConfiguration section */
		18C58F8B2A6311CE00876842 /* Debug */ = {
			isa = XCBuildConfiguration;
			buildSettings = {
				ALWAYS_SEARCH_USER_PATHS = NO;
				CLANG_ANALYZER_NONNULL = YES;
				CLANG_ANALYZER_NUMBER_OBJECT_CONVERSION = YES_AGGRESSIVE;
				CLANG_CXX_LANGUAGE_STANDARD = "gnu++20";
				CLANG_ENABLE_MODULES = YES;
				CLANG_ENABLE_OBJC_ARC = YES;
				CLANG_ENABLE_OBJC_WEAK = YES;
				CLANG_WARN_BLOCK_CAPTURE_AUTORELEASING = YES;
				CLANG_WARN_BOOL_CONVERSION = YES;
				CLANG_WARN_COMMA = YES;
				CLANG_WARN_CONSTANT_CONVERSION = YES;
				CLANG_WARN_DEPRECATED_OBJC_IMPLEMENTATIONS = YES;
				CLANG_WARN_DIRECT_OBJC_ISA_USAGE = YES_ERROR;
				CLANG_WARN_DOCUMENTATION_COMMENTS = YES;
				CLANG_WARN_EMPTY_BODY = YES;
				CLANG_WARN_ENUM_CONVERSION = YES;
				CLANG_WARN_INFINITE_RECURSION = YES;
				CLANG_WARN_INT_CONVERSION = YES;
				CLANG_WARN_NON_LITERAL_NULL_CONVERSION = YES;
				CLANG_WARN_OBJC_IMPLICIT_RETAIN_SELF = YES;
				CLANG_WARN_OBJC_LITERAL_CONVERSION = YES;
				CLANG_WARN_OBJC_ROOT_CLASS = YES_ERROR;
				CLANG_WARN_QUOTED_INCLUDE_IN_FRAMEWORK_HEADER = YES;
				CLANG_WARN_RANGE_LOOP_ANALYSIS = YES;
				CLANG_WARN_STRICT_PROTOTYPES = YES;
				CLANG_WARN_SUSPICIOUS_MOVE = YES;
				CLANG_WARN_UNGUARDED_AVAILABILITY = YES_AGGRESSIVE;
				CLANG_WARN_UNREACHABLE_CODE = YES;
				CLANG_WARN__DUPLICATE_METHOD_MATCH = YES;
				COPY_PHASE_STRIP = NO;
				DEBUG_INFORMATION_FORMAT = dwarf;
				ENABLE_STRICT_OBJC_MSGSEND = YES;
				ENABLE_TESTABILITY = YES;
				GCC_C_LANGUAGE_STANDARD = gnu11;
				GCC_DYNAMIC_NO_PIC = NO;
				GCC_NO_COMMON_BLOCKS = YES;
				GCC_OPTIMIZATION_LEVEL = 0;
				GCC_PREPROCESSOR_DEFINITIONS = (
					"DEBUG=1",
					"$(inherited)",
				);
				GCC_WARN_64_TO_32_BIT_CONVERSION = YES;
				GCC_WARN_ABOUT_RETURN_TYPE = YES_ERROR;
				GCC_WARN_UNDECLARED_SELECTOR = YES;
				GCC_WARN_UNINITIALIZED_AUTOS = YES_AGGRESSIVE;
				GCC_WARN_UNUSED_FUNCTION = YES;
				GCC_WARN_UNUSED_VARIABLE = YES;
				IPHONEOS_DEPLOYMENT_TARGET = 16.4;
				MTL_ENABLE_DEBUG_INFO = INCLUDE_SOURCE;
				MTL_FAST_MATH = YES;
				ONLY_ACTIVE_ARCH = YES;
				SDKROOT = iphoneos;
				SWIFT_ACTIVE_COMPILATION_CONDITIONS = DEBUG;
				SWIFT_OPTIMIZATION_LEVEL = "-Onone";
			};
			name = Debug;
		};
		18C58F8C2A6311CE00876842 /* Release */ = {
			isa = XCBuildConfiguration;
			buildSettings = {
				ALWAYS_SEARCH_USER_PATHS = NO;
				CLANG_ANALYZER_NONNULL = YES;
				CLANG_ANALYZER_NUMBER_OBJECT_CONVERSION = YES_AGGRESSIVE;
				CLANG_CXX_LANGUAGE_STANDARD = "gnu++20";
				CLANG_ENABLE_MODULES = YES;
				CLANG_ENABLE_OBJC_ARC = YES;
				CLANG_ENABLE_OBJC_WEAK = YES;
				CLANG_WARN_BLOCK_CAPTURE_AUTORELEASING = YES;
				CLANG_WARN_BOOL_CONVERSION = YES;
				CLANG_WARN_COMMA = YES;
				CLANG_WARN_CONSTANT_CONVERSION = YES;
				CLANG_WARN_DEPRECATED_OBJC_IMPLEMENTATIONS = YES;
				CLANG_WARN_DIRECT_OBJC_ISA_USAGE = YES_ERROR;
				CLANG_WARN_DOCUMENTATION_COMMENTS = YES;
				CLANG_WARN_EMPTY_BODY = YES;
				CLANG_WARN_ENUM_CONVERSION = YES;
				CLANG_WARN_INFINITE_RECURSION = YES;
				CLANG_WARN_INT_CONVERSION = YES;
				CLANG_WARN_NON_LITERAL_NULL_CONVERSION = YES;
				CLANG_WARN_OBJC_IMPLICIT_RETAIN_SELF = YES;
				CLANG_WARN_OBJC_LITERAL_CONVERSION = YES;
				CLANG_WARN_OBJC_ROOT_CLASS = YES_ERROR;
				CLANG_WARN_QUOTED_INCLUDE_IN_FRAMEWORK_HEADER = YES;
				CLANG_WARN_RANGE_LOOP_ANALYSIS = YES;
				CLANG_WARN_STRICT_PROTOTYPES = YES;
				CLANG_WARN_SUSPICIOUS_MOVE = YES;
				CLANG_WARN_UNGUARDED_AVAILABILITY = YES_AGGRESSIVE;
				CLANG_WARN_UNREACHABLE_CODE = YES;
				CLANG_WARN__DUPLICATE_METHOD_MATCH = YES;
				COPY_PHASE_STRIP = NO;
				DEBUG_INFORMATION_FORMAT = "dwarf-with-dsym";
				ENABLE_NS_ASSERTIONS = NO;
				ENABLE_STRICT_OBJC_MSGSEND = YES;
				GCC_C_LANGUAGE_STANDARD = gnu11;
				GCC_NO_COMMON_BLOCKS = YES;
				GCC_WARN_64_TO_32_BIT_CONVERSION = YES;
				GCC_WARN_ABOUT_RETURN_TYPE = YES_ERROR;
				GCC_WARN_UNDECLARED_SELECTOR = YES;
				GCC_WARN_UNINITIALIZED_AUTOS = YES_AGGRESSIVE;
				GCC_WARN_UNUSED_FUNCTION = YES;
				GCC_WARN_UNUSED_VARIABLE = YES;
				IPHONEOS_DEPLOYMENT_TARGET = 16.4;
				MTL_ENABLE_DEBUG_INFO = NO;
				MTL_FAST_MATH = YES;
				SDKROOT = iphoneos;
				SWIFT_COMPILATION_MODE = wholemodule;
				SWIFT_OPTIMIZATION_LEVEL = "-O";
				VALIDATE_PRODUCT = YES;
			};
			name = Release;
		};
		18C58F8E2A6311CE00876842 /* Debug */ = {
			isa = XCBuildConfiguration;
			buildSettings = {
				ASSETCATALOG_COMPILER_APPICON_NAME = AppIcon;
				ASSETCATALOG_COMPILER_GLOBAL_ACCENT_COLOR_NAME = AccentColor;
				CODE_SIGN_STYLE = Automatic;
				CURRENT_PROJECT_VERSION = 1;
				DEVELOPMENT_TEAM = 79MK4FZV6Q;
				GENERATE_INFOPLIST_FILE = YES;
				INFOPLIST_FILE = "Let's Eat/Info.plist";
				INFOPLIST_KEY_UIApplicationSupportsIndirectInputEvents = YES;
				INFOPLIST_KEY_UILaunchStoryboardName = LaunchScreen;
				INFOPLIST_KEY_UIMainStoryboardFile = Main;
				INFOPLIST_KEY_UISupportedInterfaceOrientations_iPad = "UIInterfaceOrientationPortrait UIInterfaceOrientationPortraitUpsideDown UIInterfaceOrientationLandscapeLeft UIInterfaceOrientationLandscapeRight";
				INFOPLIST_KEY_UISupportedInterfaceOrientations_iPhone = "UIInterfaceOrientationPortrait UIInterfaceOrientationLandscapeLeft UIInterfaceOrientationLandscapeRight";
				LD_RUNPATH_SEARCH_PATHS = (
					"$(inherited)",
					"@executable_path/Frameworks",
				);
				MARKETING_VERSION = 1.0;
				PRODUCT_BUNDLE_IDENTIFIER = "enfycius.Let-s-Eat";
				PRODUCT_NAME = "$(TARGET_NAME)";
				SWIFT_EMIT_LOC_STRINGS = YES;
				SWIFT_VERSION = 5.0;
				TARGETED_DEVICE_FAMILY = "1,2";
			};
			name = Debug;
		};
		18C58F8F2A6311CE00876842 /* Release */ = {
			isa = XCBuildConfiguration;
			buildSettings = {
				ASSETCATALOG_COMPILER_APPICON_NAME = AppIcon;
				ASSETCATALOG_COMPILER_GLOBAL_ACCENT_COLOR_NAME = AccentColor;
				CODE_SIGN_STYLE = Automatic;
				CURRENT_PROJECT_VERSION = 1;
				DEVELOPMENT_TEAM = 79MK4FZV6Q;
				GENERATE_INFOPLIST_FILE = YES;
				INFOPLIST_FILE = "Let's Eat/Info.plist";
				INFOPLIST_KEY_UIApplicationSupportsIndirectInputEvents = YES;
				INFOPLIST_KEY_UILaunchStoryboardName = LaunchScreen;
				INFOPLIST_KEY_UIMainStoryboardFile = Main;
				INFOPLIST_KEY_UISupportedInterfaceOrientations_iPad = "UIInterfaceOrientationPortrait UIInterfaceOrientationPortraitUpsideDown UIInterfaceOrientationLandscapeLeft UIInterfaceOrientationLandscapeRight";
				INFOPLIST_KEY_UISupportedInterfaceOrientations_iPhone = "UIInterfaceOrientationPortrait UIInterfaceOrientationLandscapeLeft UIInterfaceOrientationLandscapeRight";
				LD_RUNPATH_SEARCH_PATHS = (
					"$(inherited)",
					"@executable_path/Frameworks",
				);
				MARKETING_VERSION = 1.0;
				PRODUCT_BUNDLE_IDENTIFIER = "enfycius.Let-s-Eat";
				PRODUCT_NAME = "$(TARGET_NAME)";
				SWIFT_EMIT_LOC_STRINGS = YES;
				SWIFT_VERSION = 5.0;
				TARGETED_DEVICE_FAMILY = "1,2";
			};
			name = Release;
		};
		18C58F912A6311CE00876842 /* Debug */ = {
			isa = XCBuildConfiguration;
			buildSettings = {
				ALWAYS_EMBED_SWIFT_STANDARD_LIBRARIES = YES;
				BUNDLE_LOADER = "$(TEST_HOST)";
				CODE_SIGN_STYLE = Automatic;
				CURRENT_PROJECT_VERSION = 1;
				DEVELOPMENT_TEAM = 79MK4FZV6Q;
				GENERATE_INFOPLIST_FILE = YES;
				IPHONEOS_DEPLOYMENT_TARGET = 16.4;
				MARKETING_VERSION = 1.0;
				PRODUCT_BUNDLE_IDENTIFIER = "enfycius.Let-s-EatTests";
				PRODUCT_NAME = "$(TARGET_NAME)";
				SWIFT_EMIT_LOC_STRINGS = NO;
				SWIFT_VERSION = 5.0;
				TARGETED_DEVICE_FAMILY = "1,2";
				TEST_HOST = "$(BUILT_PRODUCTS_DIR)/Let's Eat.app/$(BUNDLE_EXECUTABLE_FOLDER_PATH)/Let's Eat";
			};
			name = Debug;
		};
		18C58F922A6311CE00876842 /* Release */ = {
			isa = XCBuildConfiguration;
			buildSettings = {
				ALWAYS_EMBED_SWIFT_STANDARD_LIBRARIES = YES;
				BUNDLE_LOADER = "$(TEST_HOST)";
				CODE_SIGN_STYLE = Automatic;
				CURRENT_PROJECT_VERSION = 1;
				DEVELOPMENT_TEAM = 79MK4FZV6Q;
				GENERATE_INFOPLIST_FILE = YES;
				IPHONEOS_DEPLOYMENT_TARGET = 16.4;
				MARKETING_VERSION = 1.0;
				PRODUCT_BUNDLE_IDENTIFIER = "enfycius.Let-s-EatTests";
				PRODUCT_NAME = "$(TARGET_NAME)";
				SWIFT_EMIT_LOC_STRINGS = NO;
				SWIFT_VERSION = 5.0;
				TARGETED_DEVICE_FAMILY = "1,2";
				TEST_HOST = "$(BUILT_PRODUCTS_DIR)/Let's Eat.app/$(BUNDLE_EXECUTABLE_FOLDER_PATH)/Let's Eat";
			};
			name = Release;
		};
		18C58F942A6311CE00876842 /* Debug */ = {
			isa = XCBuildConfiguration;
			buildSettings = {
				ALWAYS_EMBED_SWIFT_STANDARD_LIBRARIES = YES;
				CODE_SIGN_STYLE = Automatic;
				CURRENT_PROJECT_VERSION = 1;
				DEVELOPMENT_TEAM = 79MK4FZV6Q;
				GENERATE_INFOPLIST_FILE = YES;
				MARKETING_VERSION = 1.0;
				PRODUCT_BUNDLE_IDENTIFIER = "enfycius.Let-s-EatUITests";
				PRODUCT_NAME = "$(TARGET_NAME)";
				SWIFT_EMIT_LOC_STRINGS = NO;
				SWIFT_VERSION = 5.0;
				TARGETED_DEVICE_FAMILY = "1,2";
				TEST_TARGET_NAME = "Let's Eat";
			};
			name = Debug;
		};
		18C58F952A6311CE00876842 /* Release */ = {
			isa = XCBuildConfiguration;
			buildSettings = {
				ALWAYS_EMBED_SWIFT_STANDARD_LIBRARIES = YES;
				CODE_SIGN_STYLE = Automatic;
				CURRENT_PROJECT_VERSION = 1;
				DEVELOPMENT_TEAM = 79MK4FZV6Q;
				GENERATE_INFOPLIST_FILE = YES;
				MARKETING_VERSION = 1.0;
				PRODUCT_BUNDLE_IDENTIFIER = "enfycius.Let-s-EatUITests";
				PRODUCT_NAME = "$(TARGET_NAME)";
				SWIFT_EMIT_LOC_STRINGS = NO;
				SWIFT_VERSION = 5.0;
				TARGETED_DEVICE_FAMILY = "1,2";
				TEST_TARGET_NAME = "Let's Eat";
			};
			name = Release;
		};
/* End XCBuildConfiguration section */

/* Begin XCConfigurationList section */
		18C58F5E2A6311CD00876842 /* Build configuration list for PBXProject "Let's Eat" */ = {
			isa = XCConfigurationList;
			buildConfigurations = (
				18C58F8B2A6311CE00876842 /* Debug */,
				18C58F8C2A6311CE00876842 /* Release */,
			);
			defaultConfigurationIsVisible = 0;
			defaultConfigurationName = Release;
		};
		18C58F8D2A6311CE00876842 /* Build configuration list for PBXNativeTarget "Let's Eat" */ = {
			isa = XCConfigurationList;
			buildConfigurations = (
				18C58F8E2A6311CE00876842 /* Debug */,
				18C58F8F2A6311CE00876842 /* Release */,
			);
			defaultConfigurationIsVisible = 0;
			defaultConfigurationName = Release;
		};
		18C58F902A6311CE00876842 /* Build configuration list for PBXNativeTarget "Let's EatTests" */ = {
			isa = XCConfigurationList;
			buildConfigurations = (
				18C58F912A6311CE00876842 /* Debug */,
				18C58F922A6311CE00876842 /* Release */,
			);
			defaultConfigurationIsVisible = 0;
			defaultConfigurationName = Release;
		};
		18C58F932A6311CE00876842 /* Build configuration list for PBXNativeTarget "Let's EatUITests" */ = {
			isa = XCConfigurationList;
			buildConfigurations = (
				18C58F942A6311CE00876842 /* Debug */,
				18C58F952A6311CE00876842 /* Release */,
			);
			defaultConfigurationIsVisible = 0;
			defaultConfigurationName = Release;
		};
/* End XCConfigurationList section */
	};
	rootObject = 18C58F5B2A6311CD00876842 /* Project object */;
}
