// !$*UTF8*$!
{
	archiveVersion = 1;
	classes = {
	};
	objectVersion = 56;
	objects = {

/* Begin PBXBuildFile section */
		18316C332A45FB66006BF564 /* AppDelegate.swift in Sources */ = {isa = PBXBuildFile; fileRef = 18316C322A45FB66006BF564 /* AppDelegate.swift */; };
		18316C352A45FB66006BF564 /* SceneDelegate.swift in Sources */ = {isa = PBXBuildFile; fileRef = 18316C342A45FB66006BF564 /* SceneDelegate.swift */; };
		18316C372A45FB66006BF564 /* ViewController.swift in Sources */ = {isa = PBXBuildFile; fileRef = 18316C362A45FB66006BF564 /* ViewController.swift */; };
		18316C3A2A45FB66006BF564 /* Main.storyboard in Resources */ = {isa = PBXBuildFile; fileRef = 18316C382A45FB66006BF564 /* Main.storyboard */; };
		18316C3C2A45FB67006BF564 /* Assets.xcassets in Resources */ = {isa = PBXBuildFile; fileRef = 18316C3B2A45FB67006BF564 /* Assets.xcassets */; };
		18316C3F2A45FB67006BF564 /* LaunchScreen.storyboard in Resources */ = {isa = PBXBuildFile; fileRef = 18316C3D2A45FB67006BF564 /* LaunchScreen.storyboard */; };
		18316C4A2A45FB67006BF564 /* CocoaTouchTests.swift in Sources */ = {isa = PBXBuildFile; fileRef = 18316C492A45FB67006BF564 /* CocoaTouchTests.swift */; };
		18316C542A45FB67006BF564 /* CocoaTouchUITests.swift in Sources */ = {isa = PBXBuildFile; fileRef = 18316C532A45FB67006BF564 /* CocoaTouchUITests.swift */; };
		18316C562A45FB67006BF564 /* CocoaTouchUITestsLaunchTests.swift in Sources */ = {isa = PBXBuildFile; fileRef = 18316C552A45FB67006BF564 /* CocoaTouchUITestsLaunchTests.swift */; };
		18316C632A45FBD8006BF564 /* ReposTableViewController.swift in Sources */ = {isa = PBXBuildFile; fileRef = 18316C622A45FBD8006BF564 /* ReposTableViewController.swift */; };
/* End PBXBuildFile section */

/* Begin PBXContainerItemProxy section */
		18316C462A45FB67006BF564 /* PBXContainerItemProxy */ = {
			isa = PBXContainerItemProxy;
			containerPortal = 18316C272A45FB66006BF564 /* Project object */;
			proxyType = 1;
			remoteGlobalIDString = 18316C2E2A45FB66006BF564;
			remoteInfo = CocoaTouch;
		};
		18316C502A45FB67006BF564 /* PBXContainerItemProxy */ = {
			isa = PBXContainerItemProxy;
			containerPortal = 18316C272A45FB66006BF564 /* Project object */;
			proxyType = 1;
			remoteGlobalIDString = 18316C2E2A45FB66006BF564;
			remoteInfo = CocoaTouch;
		};
/* End PBXContainerItemProxy section */

/* Begin PBXFileReference section */
		18316C2F2A45FB66006BF564 /* CocoaTouch.app */ = {isa = PBXFileReference; explicitFileType = wrapper.application; includeInIndex = 0; path = CocoaTouch.app; sourceTree = BUILT_PRODUCTS_DIR; };
		18316C322A45FB66006BF564 /* AppDelegate.swift */ = {isa = PBXFileReference; lastKnownFileType = sourcecode.swift; path = AppDelegate.swift; sourceTree = "<group>"; };
		18316C342A45FB66006BF564 /* SceneDelegate.swift */ = {isa = PBXFileReference; lastKnownFileType = sourcecode.swift; path = SceneDelegate.swift; sourceTree = "<group>"; };
		18316C362A45FB66006BF564 /* ViewController.swift */ = {isa = PBXFileReference; lastKnownFileType = sourcecode.swift; path = ViewController.swift; sourceTree = "<group>"; };
		18316C392A45FB66006BF564 /* Base */ = {isa = PBXFileReference; lastKnownFileType = file.storyboard; name = Base; path = Base.lproj/Main.storyboard; sourceTree = "<group>"; };
		18316C3B2A45FB67006BF564 /* Assets.xcassets */ = {isa = PBXFileReference; lastKnownFileType = folder.assetcatalog; path = Assets.xcassets; sourceTree = "<group>"; };
		18316C3E2A45FB67006BF564 /* Base */ = {isa = PBXFileReference; lastKnownFileType = file.storyboard; name = Base; path = Base.lproj/LaunchScreen.storyboard; sourceTree = "<group>"; };
		18316C402A45FB67006BF564 /* Info.plist */ = {isa = PBXFileReference; lastKnownFileType = text.plist.xml; path = Info.plist; sourceTree = "<group>"; };
		18316C452A45FB67006BF564 /* CocoaTouchTests.xctest */ = {isa = PBXFileReference; explicitFileType = wrapper.cfbundle; includeInIndex = 0; path = CocoaTouchTests.xctest; sourceTree = BUILT_PRODUCTS_DIR; };
		18316C492A45FB67006BF564 /* CocoaTouchTests.swift */ = {isa = PBXFileReference; lastKnownFileType = sourcecode.swift; path = CocoaTouchTests.swift; sourceTree = "<group>"; };
		18316C4F2A45FB67006BF564 /* CocoaTouchUITests.xctest */ = {isa = PBXFileReference; explicitFileType = wrapper.cfbundle; includeInIndex = 0; path = CocoaTouchUITests.xctest; sourceTree = BUILT_PRODUCTS_DIR; };
		18316C532A45FB67006BF564 /* CocoaTouchUITests.swift */ = {isa = PBXFileReference; lastKnownFileType = sourcecode.swift; path = CocoaTouchUITests.swift; sourceTree = "<group>"; };
		18316C552A45FB67006BF564 /* CocoaTouchUITestsLaunchTests.swift */ = {isa = PBXFileReference; lastKnownFileType = sourcecode.swift; path = CocoaTouchUITestsLaunchTests.swift; sourceTree = "<group>"; };
		18316C622A45FBD8006BF564 /* ReposTableViewController.swift */ = {isa = PBXFileReference; lastKnownFileType = sourcecode.swift; path = ReposTableViewController.swift; sourceTree = "<group>"; };
/* End PBXFileReference section */

/* Begin PBXFrameworksBuildPhase section */
		18316C2C2A45FB66006BF564 /* Frameworks */ = {
			isa = PBXFrameworksBuildPhase;
			buildActionMask = 2147483647;
			files = (
			);
			runOnlyForDeploymentPostprocessing = 0;
		};
		18316C422A45FB67006BF564 /* Frameworks */ = {
			isa = PBXFrameworksBuildPhase;
			buildActionMask = 2147483647;
			files = (
			);
			runOnlyForDeploymentPostprocessing = 0;
		};
		18316C4C2A45FB67006BF564 /* Frameworks */ = {
			isa = PBXFrameworksBuildPhase;
			buildActionMask = 2147483647;
			files = (
			);
			runOnlyForDeploymentPostprocessing = 0;
		};
/* End PBXFrameworksBuildPhase section */

/* Begin PBXGroup section */
		18316C262A45FB66006BF564 = {
			isa = PBXGroup;
			children = (
				18316C312A45FB66006BF564 /* CocoaTouch */,
				18316C482A45FB67006BF564 /* CocoaTouchTests */,
				18316C522A45FB67006BF564 /* CocoaTouchUITests */,
				18316C302A45FB66006BF564 /* Products */,
			);
			sourceTree = "<group>";
		};
		18316C302A45FB66006BF564 /* Products */ = {
			isa = PBXGroup;
			children = (
				18316C2F2A45FB66006BF564 /* CocoaTouch.app */,
				18316C452A45FB67006BF564 /* CocoaTouchTests.xctest */,
				18316C4F2A45FB67006BF564 /* CocoaTouchUITests.xctest */,
			);
			name = Products;
			sourceTree = "<group>";
		};
		18316C312A45FB66006BF564 /* CocoaTouch */ = {
			isa = PBXGroup;
			children = (
				18316C322A45FB66006BF564 /* AppDelegate.swift */,
				18316C342A45FB66006BF564 /* SceneDelegate.swift */,
				18316C362A45FB66006BF564 /* ViewController.swift */,
				18316C382A45FB66006BF564 /* Main.storyboard */,
				18316C622A45FBD8006BF564 /* ReposTableViewController.swift */,
				18316C3B2A45FB67006BF564 /* Assets.xcassets */,
				18316C3D2A45FB67006BF564 /* LaunchScreen.storyboard */,
				18316C402A45FB67006BF564 /* Info.plist */,
			);
			path = CocoaTouch;
			sourceTree = "<group>";
		};
		18316C482A45FB67006BF564 /* CocoaTouchTests */ = {
			isa = PBXGroup;
			children = (
				18316C492A45FB67006BF564 /* CocoaTouchTests.swift */,
			);
			path = CocoaTouchTests;
			sourceTree = "<group>";
		};
		18316C522A45FB67006BF564 /* CocoaTouchUITests */ = {
			isa = PBXGroup;
			children = (
				18316C532A45FB67006BF564 /* CocoaTouchUITests.swift */,
				18316C552A45FB67006BF564 /* CocoaTouchUITestsLaunchTests.swift */,
			);
			path = CocoaTouchUITests;
			sourceTree = "<group>";
		};
/* End PBXGroup section */

/* Begin PBXNativeTarget section */
		18316C2E2A45FB66006BF564 /* CocoaTouch */ = {
			isa = PBXNativeTarget;
			buildConfigurationList = 18316C592A45FB67006BF564 /* Build configuration list for PBXNativeTarget "CocoaTouch" */;
			buildPhases = (
				18316C2B2A45FB66006BF564 /* Sources */,
				18316C2C2A45FB66006BF564 /* Frameworks */,
				18316C2D2A45FB66006BF564 /* Resources */,
			);
			buildRules = (
			);
			dependencies = (
			);
			name = CocoaTouch;
			productName = CocoaTouch;
			productReference = 18316C2F2A45FB66006BF564 /* CocoaTouch.app */;
			productType = "com.apple.product-type.application";
		};
		18316C442A45FB67006BF564 /* CocoaTouchTests */ = {
			isa = PBXNativeTarget;
			buildConfigurationList = 18316C5C2A45FB67006BF564 /* Build configuration list for PBXNativeTarget "CocoaTouchTests" */;
			buildPhases = (
				18316C412A45FB67006BF564 /* Sources */,
				18316C422A45FB67006BF564 /* Frameworks */,
				18316C432A45FB67006BF564 /* Resources */,
			);
			buildRules = (
			);
			dependencies = (
				18316C472A45FB67006BF564 /* PBXTargetDependency */,
			);
			name = CocoaTouchTests;
			productName = CocoaTouchTests;
			productReference = 18316C452A45FB67006BF564 /* CocoaTouchTests.xctest */;
			productType = "com.apple.product-type.bundle.unit-test";
		};
		18316C4E2A45FB67006BF564 /* CocoaTouchUITests */ = {
			isa = PBXNativeTarget;
			buildConfigurationList = 18316C5F2A45FB67006BF564 /* Build configuration list for PBXNativeTarget "CocoaTouchUITests" */;
			buildPhases = (
				18316C4B2A45FB67006BF564 /* Sources */,
				18316C4C2A45FB67006BF564 /* Frameworks */,
				18316C4D2A45FB67006BF564 /* Resources */,
			);
			buildRules = (
			);
			dependencies = (
				18316C512A45FB67006BF564 /* PBXTargetDependency */,
			);
			name = CocoaTouchUITests;
			productName = CocoaTouchUITests;
			productReference = 18316C4F2A45FB67006BF564 /* CocoaTouchUITests.xctest */;
			productType = "com.apple.product-type.bundle.ui-testing";
		};
/* End PBXNativeTarget section */

/* Begin PBXProject section */
		18316C272A45FB66006BF564 /* Project object */ = {
			isa = PBXProject;
			attributes = {
				BuildIndependentTargetsInParallel = 1;
				LastSwiftUpdateCheck = 1430;
				LastUpgradeCheck = 1430;
				TargetAttributes = {
					18316C2E2A45FB66006BF564 = {
						CreatedOnToolsVersion = 14.3.1;
					};
					18316C442A45FB67006BF564 = {
						CreatedOnToolsVersion = 14.3.1;
						TestTargetID = 18316C2E2A45FB66006BF564;
					};
					18316C4E2A45FB67006BF564 = {
						CreatedOnToolsVersion = 14.3.1;
						TestTargetID = 18316C2E2A45FB66006BF564;
					};
				};
			};
			buildConfigurationList = 18316C2A2A45FB66006BF564 /* Build configuration list for PBXProject "CocoaTouch" */;
			compatibilityVersion = "Xcode 14.0";
			developmentRegion = en;
			hasScannedForEncodings = 0;
			knownRegions = (
				en,
				Base,
			);
			mainGroup = 18316C262A45FB66006BF564;
			productRefGroup = 18316C302A45FB66006BF564 /* Products */;
			projectDirPath = "";
			projectRoot = "";
			targets = (
				18316C2E2A45FB66006BF564 /* CocoaTouch */,
				18316C442A45FB67006BF564 /* CocoaTouchTests */,
				18316C4E2A45FB67006BF564 /* CocoaTouchUITests */,
			);
		};
/* End PBXProject section */

/* Begin PBXResourcesBuildPhase section */
		18316C2D2A45FB66006BF564 /* Resources */ = {
			isa = PBXResourcesBuildPhase;
			buildActionMask = 2147483647;
			files = (
				18316C3F2A45FB67006BF564 /* LaunchScreen.storyboard in Resources */,
				18316C3C2A45FB67006BF564 /* Assets.xcassets in Resources */,
				18316C3A2A45FB66006BF564 /* Main.storyboard in Resources */,
			);
			runOnlyForDeploymentPostprocessing = 0;
		};
		18316C432A45FB67006BF564 /* Resources */ = {
			isa = PBXResourcesBuildPhase;
			buildActionMask = 2147483647;
			files = (
			);
			runOnlyForDeploymentPostprocessing = 0;
		};
		18316C4D2A45FB67006BF564 /* Resources */ = {
			isa = PBXResourcesBuildPhase;
			buildActionMask = 2147483647;
			files = (
			);
			runOnlyForDeploymentPostprocessing = 0;
		};
/* End PBXResourcesBuildPhase section */

/* Begin PBXSourcesBuildPhase section */
		18316C2B2A45FB66006BF564 /* Sources */ = {
			isa = PBXSourcesBuildPhase;
			buildActionMask = 2147483647;
			files = (
				18316C372A45FB66006BF564 /* ViewController.swift in Sources */,
				18316C632A45FBD8006BF564 /* ReposTableViewController.swift in Sources */,
				18316C332A45FB66006BF564 /* AppDelegate.swift in Sources */,
				18316C352A45FB66006BF564 /* SceneDelegate.swift in Sources */,
			);
			runOnlyForDeploymentPostprocessing = 0;
		};
		18316C412A45FB67006BF564 /* Sources */ = {
			isa = PBXSourcesBuildPhase;
			buildActionMask = 2147483647;
			files = (
				18316C4A2A45FB67006BF564 /* CocoaTouchTests.swift in Sources */,
			);
			runOnlyForDeploymentPostprocessing = 0;
		};
		18316C4B2A45FB67006BF564 /* Sources */ = {
			isa = PBXSourcesBuildPhase;
			buildActionMask = 2147483647;
			files = (
				18316C562A45FB67006BF564 /* CocoaTouchUITestsLaunchTests.swift in Sources */,
				18316C542A45FB67006BF564 /* CocoaTouchUITests.swift in Sources */,
			);
			runOnlyForDeploymentPostprocessing = 0;
		};
/* End PBXSourcesBuildPhase section */

/* Begin PBXTargetDependency section */
		18316C472A45FB67006BF564 /* PBXTargetDependency */ = {
			isa = PBXTargetDependency;
			target = 18316C2E2A45FB66006BF564 /* CocoaTouch */;
			targetProxy = 18316C462A45FB67006BF564 /* PBXContainerItemProxy */;
		};
		18316C512A45FB67006BF564 /* PBXTargetDependency */ = {
			isa = PBXTargetDependency;
			target = 18316C2E2A45FB66006BF564 /* CocoaTouch */;
			targetProxy = 18316C502A45FB67006BF564 /* PBXContainerItemProxy */;
		};
/* End PBXTargetDependency section */

/* Begin PBXVariantGroup section */
		18316C382A45FB66006BF564 /* Main.storyboard */ = {
			isa = PBXVariantGroup;
			children = (
				18316C392A45FB66006BF564 /* Base */,
			);
			name = Main.storyboard;
			sourceTree = "<group>";
		};
		18316C3D2A45FB67006BF564 /* LaunchScreen.storyboard */ = {
			isa = PBXVariantGroup;
			children = (
				18316C3E2A45FB67006BF564 /* Base */,
			);
			name = LaunchScreen.storyboard;
			sourceTree = "<group>";
		};
/* End PBXVariantGroup section */

/* Begin XCBuildConfiguration section */
		18316C572A45FB67006BF564 /* Debug */ = {
			isa = XCBuildConfiguration;
			buildSettings = {
				ALWAYS_SEARCH_USER_PATHS = NO;
				CLANG_ANALYZER_NONNULL = YES;
				CLANG_ANALYZER_NUMBER_OBJECT_CONVERSION = YES_AGGRESSIVE;
				CLANG_CXX_LANGUAGE_STANDARD = "gnu++20";
				CLANG_ENABLE_MODULES = YES;
				CLANG_ENABLE_OBJC_ARC = YES;
				CLANG_ENABLE_OBJC_WEAK = YES;
				CLANG_WARN_BLOCK_CAPTURE_AUTORELEASING = YES;
				CLANG_WARN_BOOL_CONVERSION = YES;
				CLANG_WARN_COMMA = YES;
				CLANG_WARN_CONSTANT_CONVERSION = YES;
				CLANG_WARN_DEPRECATED_OBJC_IMPLEMENTATIONS = YES;
				CLANG_WARN_DIRECT_OBJC_ISA_USAGE = YES_ERROR;
				CLANG_WARN_DOCUMENTATION_COMMENTS = YES;
				CLANG_WARN_EMPTY_BODY = YES;
				CLANG_WARN_ENUM_CONVERSION = YES;
				CLANG_WARN_INFINITE_RECURSION = YES;
				CLANG_WARN_INT_CONVERSION = YES;
				CLANG_WARN_NON_LITERAL_NULL_CONVERSION = YES;
				CLANG_WARN_OBJC_IMPLICIT_RETAIN_SELF = YES;
				CLANG_WARN_OBJC_LITERAL_CONVERSION = YES;
				CLANG_WARN_OBJC_ROOT_CLASS = YES_ERROR;
				CLANG_WARN_QUOTED_INCLUDE_IN_FRAMEWORK_HEADER = YES;
				CLANG_WARN_RANGE_LOOP_ANALYSIS = YES;
				CLANG_WARN_STRICT_PROTOTYPES = YES;
				CLANG_WARN_SUSPICIOUS_MOVE = YES;
				CLANG_WARN_UNGUARDED_AVAILABILITY = YES_AGGRESSIVE;
				CLANG_WARN_UNREACHABLE_CODE = YES;
				CLANG_WARN__DUPLICATE_METHOD_MATCH = YES;
				COPY_PHASE_STRIP = NO;
				DEBUG_INFORMATION_FORMAT = dwarf;
				ENABLE_STRICT_OBJC_MSGSEND = YES;
				ENABLE_TESTABILITY = YES;
				GCC_C_LANGUAGE_STANDARD = gnu11;
				GCC_DYNAMIC_NO_PIC = NO;
				GCC_NO_COMMON_BLOCKS = YES;
				GCC_OPTIMIZATION_LEVEL = 0;
				GCC_PREPROCESSOR_DEFINITIONS = (
					"DEBUG=1",
					"$(inherited)",
				);
				GCC_WARN_64_TO_32_BIT_CONVERSION = YES;
				GCC_WARN_ABOUT_RETURN_TYPE = YES_ERROR;
				GCC_WARN_UNDECLARED_SELECTOR = YES;
				GCC_WARN_UNINITIALIZED_AUTOS = YES_AGGRESSIVE;
				GCC_WARN_UNUSED_FUNCTION = YES;
				GCC_WARN_UNUSED_VARIABLE = YES;
				IPHONEOS_DEPLOYMENT_TARGET = 16.4;
				MTL_ENABLE_DEBUG_INFO = INCLUDE_SOURCE;
				MTL_FAST_MATH = YES;
				ONLY_ACTIVE_ARCH = YES;
				SDKROOT = iphoneos;
				SWIFT_ACTIVE_COMPILATION_CONDITIONS = DEBUG;
				SWIFT_OPTIMIZATION_LEVEL = "-Onone";
			};
			name = Debug;
		};
		18316C582A45FB67006BF564 /* Release */ = {
			isa = XCBuildConfiguration;
			buildSettings = {
				ALWAYS_SEARCH_USER_PATHS = NO;
				CLANG_ANALYZER_NONNULL = YES;
				CLANG_ANALYZER_NUMBER_OBJECT_CONVERSION = YES_AGGRESSIVE;
				CLANG_CXX_LANGUAGE_STANDARD = "gnu++20";
				CLANG_ENABLE_MODULES = YES;
				CLANG_ENABLE_OBJC_ARC = YES;
				CLANG_ENABLE_OBJC_WEAK = YES;
				CLANG_WARN_BLOCK_CAPTURE_AUTORELEASING = YES;
				CLANG_WARN_BOOL_CONVERSION = YES;
				CLANG_WARN_COMMA = YES;
				CLANG_WARN_CONSTANT_CONVERSION = YES;
				CLANG_WARN_DEPRECATED_OBJC_IMPLEMENTATIONS = YES;
				CLANG_WARN_DIRECT_OBJC_ISA_USAGE = YES_ERROR;
				CLANG_WARN_DOCUMENTATION_COMMENTS = YES;
				CLANG_WARN_EMPTY_BODY = YES;
				CLANG_WARN_ENUM_CONVERSION = YES;
				CLANG_WARN_INFINITE_RECURSION = YES;
				CLANG_WARN_INT_CONVERSION = YES;
				CLANG_WARN_NON_LITERAL_NULL_CONVERSION = YES;
				CLANG_WARN_OBJC_IMPLICIT_RETAIN_SELF = YES;
				CLANG_WARN_OBJC_LITERAL_CONVERSION = YES;
				CLANG_WARN_OBJC_ROOT_CLASS = YES_ERROR;
				CLANG_WARN_QUOTED_INCLUDE_IN_FRAMEWORK_HEADER = YES;
				CLANG_WARN_RANGE_LOOP_ANALYSIS = YES;
				CLANG_WARN_STRICT_PROTOTYPES = YES;
				CLANG_WARN_SUSPICIOUS_MOVE = YES;
				CLANG_WARN_UNGUARDED_AVAILABILITY = YES_AGGRESSIVE;
				CLANG_WARN_UNREACHABLE_CODE = YES;
				CLANG_WARN__DUPLICATE_METHOD_MATCH = YES;
				COPY_PHASE_STRIP = NO;
				DEBUG_INFORMATION_FORMAT = "dwarf-with-dsym";
				ENABLE_NS_ASSERTIONS = NO;
				ENABLE_STRICT_OBJC_MSGSEND = YES;
				GCC_C_LANGUAGE_STANDARD = gnu11;
				GCC_NO_COMMON_BLOCKS = YES;
				GCC_WARN_64_TO_32_BIT_CONVERSION = YES;
				GCC_WARN_ABOUT_RETURN_TYPE = YES_ERROR;
				GCC_WARN_UNDECLARED_SELECTOR = YES;
				GCC_WARN_UNINITIALIZED_AUTOS = YES_AGGRESSIVE;
				GCC_WARN_UNUSED_FUNCTION = YES;
				GCC_WARN_UNUSED_VARIABLE = YES;
				IPHONEOS_DEPLOYMENT_TARGET = 16.4;
				MTL_ENABLE_DEBUG_INFO = NO;
				MTL_FAST_MATH = YES;
				SDKROOT = iphoneos;
				SWIFT_COMPILATION_MODE = wholemodule;
				SWIFT_OPTIMIZATION_LEVEL = "-O";
				VALIDATE_PRODUCT = YES;
			};
			name = Release;
		};
		18316C5A2A45FB67006BF564 /* Debug */ = {
			isa = XCBuildConfiguration;
			buildSettings = {
				ASSETCATALOG_COMPILER_APPICON_NAME = AppIcon;
				ASSETCATALOG_COMPILER_GLOBAL_ACCENT_COLOR_NAME = AccentColor;
				CODE_SIGN_STYLE = Automatic;
				CURRENT_PROJECT_VERSION = 1;
				GENERATE_INFOPLIST_FILE = YES;
				INFOPLIST_FILE = CocoaTouch/Info.plist;
				INFOPLIST_KEY_UIApplicationSupportsIndirectInputEvents = YES;
				INFOPLIST_KEY_UILaunchStoryboardName = LaunchScreen;
				INFOPLIST_KEY_UIMainStoryboardFile = Main;
				INFOPLIST_KEY_UISupportedInterfaceOrientations_iPad = "UIInterfaceOrientationPortrait UIInterfaceOrientationPortraitUpsideDown UIInterfaceOrientationLandscapeLeft UIInterfaceOrientationLandscapeRight";
				INFOPLIST_KEY_UISupportedInterfaceOrientations_iPhone = "UIInterfaceOrientationPortrait UIInterfaceOrientationLandscapeLeft UIInterfaceOrientationLandscapeRight";
				LD_RUNPATH_SEARCH_PATHS = (
					"$(inherited)",
					"@executable_path/Frameworks",
				);
				MARKETING_VERSION = 1.0;
				PRODUCT_BUNDLE_IDENTIFIER = enfycius.CocoaTouch;
				PRODUCT_NAME = "$(TARGET_NAME)";
				SWIFT_EMIT_LOC_STRINGS = YES;
				SWIFT_VERSION = 5.0;
				TARGETED_DEVICE_FAMILY = "1,2";
			};
			name = Debug;
		};
		18316C5B2A45FB67006BF564 /* Release */ = {
			isa = XCBuildConfiguration;
			buildSettings = {
				ASSETCATALOG_COMPILER_APPICON_NAME = AppIcon;
				ASSETCATALOG_COMPILER_GLOBAL_ACCENT_COLOR_NAME = AccentColor;
				CODE_SIGN_STYLE = Automatic;
				CURRENT_PROJECT_VERSION = 1;
				GENERATE_INFOPLIST_FILE = YES;
				INFOPLIST_FILE = CocoaTouch/Info.plist;
				INFOPLIST_KEY_UIApplicationSupportsIndirectInputEvents = YES;
				INFOPLIST_KEY_UILaunchStoryboardName = LaunchScreen;
				INFOPLIST_KEY_UIMainStoryboardFile = Main;
				INFOPLIST_KEY_UISupportedInterfaceOrientations_iPad = "UIInterfaceOrientationPortrait UIInterfaceOrientationPortraitUpsideDown UIInterfaceOrientationLandscapeLeft UIInterfaceOrientationLandscapeRight";
				INFOPLIST_KEY_UISupportedInterfaceOrientations_iPhone = "UIInterfaceOrientationPortrait UIInterfaceOrientationLandscapeLeft UIInterfaceOrientationLandscapeRight";
				LD_RUNPATH_SEARCH_PATHS = (
					"$(inherited)",
					"@executable_path/Frameworks",
				);
				MARKETING_VERSION = 1.0;
				PRODUCT_BUNDLE_IDENTIFIER = enfycius.CocoaTouch;
				PRODUCT_NAME = "$(TARGET_NAME)";
				SWIFT_EMIT_LOC_STRINGS = YES;
				SWIFT_VERSION = 5.0;
				TARGETED_DEVICE_FAMILY = "1,2";
			};
			name = Release;
		};
		18316C5D2A45FB67006BF564 /* Debug */ = {
			isa = XCBuildConfiguration;
			buildSettings = {
				ALWAYS_EMBED_SWIFT_STANDARD_LIBRARIES = YES;
				BUNDLE_LOADER = "$(TEST_HOST)";
				CODE_SIGN_STYLE = Automatic;
				CURRENT_PROJECT_VERSION = 1;
				GENERATE_INFOPLIST_FILE = YES;
				IPHONEOS_DEPLOYMENT_TARGET = 16.4;
				MARKETING_VERSION = 1.0;
				PRODUCT_BUNDLE_IDENTIFIER = enfycius.CocoaTouchTests;
				PRODUCT_NAME = "$(TARGET_NAME)";
				SWIFT_EMIT_LOC_STRINGS = NO;
				SWIFT_VERSION = 5.0;
				TARGETED_DEVICE_FAMILY = "1,2";
				TEST_HOST = "$(BUILT_PRODUCTS_DIR)/CocoaTouch.app/$(BUNDLE_EXECUTABLE_FOLDER_PATH)/CocoaTouch";
			};
			name = Debug;
		};
		18316C5E2A45FB67006BF564 /* Release */ = {
			isa = XCBuildConfiguration;
			buildSettings = {
				ALWAYS_EMBED_SWIFT_STANDARD_LIBRARIES = YES;
				BUNDLE_LOADER = "$(TEST_HOST)";
				CODE_SIGN_STYLE = Automatic;
				CURRENT_PROJECT_VERSION = 1;
				GENERATE_INFOPLIST_FILE = YES;
				IPHONEOS_DEPLOYMENT_TARGET = 16.4;
				MARKETING_VERSION = 1.0;
				PRODUCT_BUNDLE_IDENTIFIER = enfycius.CocoaTouchTests;
				PRODUCT_NAME = "$(TARGET_NAME)";
				SWIFT_EMIT_LOC_STRINGS = NO;
				SWIFT_VERSION = 5.0;
				TARGETED_DEVICE_FAMILY = "1,2";
				TEST_HOST = "$(BUILT_PRODUCTS_DIR)/CocoaTouch.app/$(BUNDLE_EXECUTABLE_FOLDER_PATH)/CocoaTouch";
			};
			name = Release;
		};
		18316C602A45FB67006BF564 /* Debug */ = {
			isa = XCBuildConfiguration;
			buildSettings = {
				ALWAYS_EMBED_SWIFT_STANDARD_LIBRARIES = YES;
				CODE_SIGN_STYLE = Automatic;
				CURRENT_PROJECT_VERSION = 1;
				GENERATE_INFOPLIST_FILE = YES;
				MARKETING_VERSION = 1.0;
				PRODUCT_BUNDLE_IDENTIFIER = enfycius.CocoaTouchUITests;
				PRODUCT_NAME = "$(TARGET_NAME)";
				SWIFT_EMIT_LOC_STRINGS = NO;
				SWIFT_VERSION = 5.0;
				TARGETED_DEVICE_FAMILY = "1,2";
				TEST_TARGET_NAME = CocoaTouch;
			};
			name = Debug;
		};
		18316C612A45FB67006BF564 /* Release */ = {
			isa = XCBuildConfiguration;
			buildSettings = {
				ALWAYS_EMBED_SWIFT_STANDARD_LIBRARIES = YES;
				CODE_SIGN_STYLE = Automatic;
				CURRENT_PROJECT_VERSION = 1;
				GENERATE_INFOPLIST_FILE = YES;
				MARKETING_VERSION = 1.0;
				PRODUCT_BUNDLE_IDENTIFIER = enfycius.CocoaTouchUITests;
				PRODUCT_NAME = "$(TARGET_NAME)";
				SWIFT_EMIT_LOC_STRINGS = NO;
				SWIFT_VERSION = 5.0;
				TARGETED_DEVICE_FAMILY = "1,2";
				TEST_TARGET_NAME = CocoaTouch;
			};
			name = Release;
		};
/* End XCBuildConfiguration section */

/* Begin XCConfigurationList section */
		18316C2A2A45FB66006BF564 /* Build configuration list for PBXProject "CocoaTouch" */ = {
			isa = XCConfigurationList;
			buildConfigurations = (
				18316C572A45FB67006BF564 /* Debug */,
				18316C582A45FB67006BF564 /* Release */,
			);
			defaultConfigurationIsVisible = 0;
			defaultConfigurationName = Release;
		};
		18316C592A45FB67006BF564 /* Build configuration list for PBXNativeTarget "CocoaTouch" */ = {
			isa = XCConfigurationList;
			buildConfigurations = (
				18316C5A2A45FB67006BF564 /* Debug */,
				18316C5B2A45FB67006BF564 /* Release */,
			);
			defaultConfigurationIsVisible = 0;
			defaultConfigurationName = Release;
		};
		18316C5C2A45FB67006BF564 /* Build configuration list for PBXNativeTarget "CocoaTouchTests" */ = {
			isa = XCConfigurationList;
			buildConfigurations = (
				18316C5D2A45FB67006BF564 /* Debug */,
				18316C5E2A45FB67006BF564 /* Release */,
			);
			defaultConfigurationIsVisible = 0;
			defaultConfigurationName = Release;
		};
		18316C5F2A45FB67006BF564 /* Build configuration list for PBXNativeTarget "CocoaTouchUITests" */ = {
			isa = XCConfigurationList;
			buildConfigurations = (
				18316C602A45FB67006BF564 /* Debug */,
				18316C612A45FB67006BF564 /* Release */,
			);
			defaultConfigurationIsVisible = 0;
			defaultConfigurationName = Release;
		};
/* End XCConfigurationList section */
	};
	rootObject = 18316C272A45FB66006BF564 /* Project object */;
}
