// !$*UTF8*$!
{
	archiveVersion = 1;
	classes = {
	};
	objectVersion = 56;
	objects = {

/* Begin PBXBuildFile section */
		184CB5372A44911100ED9953 /* AppleInc.docc in Sources */ = {isa = PBXBuildFile; fileRef = 184CB5362A44911100ED9953 /* AppleInc.docc */; };
		184CB53D2A44911100ED9953 /* AppleInc.framework in Frameworks */ = {isa = PBXBuildFile; fileRef = 184CB5322A44911100ED9953 /* AppleInc.framework */; };
		184CB5422A44911100ED9953 /* AppleIncTests.swift in Sources */ = {isa = PBXBuildFile; fileRef = 184CB5412A44911100ED9953 /* AppleIncTests.swift */; };
		184CB5432A44911100ED9953 /* AppleInc.h in Headers */ = {isa = PBXBuildFile; fileRef = 184CB5352A44911100ED9953 /* AppleInc.h */; settings = {ATTRIBUTES = (Public, ); }; };
		184CB54E2A4491B700ED9953 /* SecretProductDepartment.swift in Sources */ = {isa = PBXBuildFile; fileRef = 184CB54D2A4491B700ED9953 /* SecretProductDepartment.swift */; };
		184CB54F2A4491B700ED9953 /* SecretProductDepartment.swift in Sources */ = {isa = PBXBuildFile; fileRef = 184CB54D2A4491B700ED9953 /* SecretProductDepartment.swift */; };
		184CB5512A4492D800ED9953 /* AppleStore.swift in Sources */ = {isa = PBXBuildFile; fileRef = 184CB5502A4492D800ED9953 /* AppleStore.swift */; };
		184CB5522A4492D800ED9953 /* AppleStore.swift in Sources */ = {isa = PBXBuildFile; fileRef = 184CB5502A4492D800ED9953 /* AppleStore.swift */; };
		184CB5542A4492E600ED9953 /* Apple.swift in Sources */ = {isa = PBXBuildFile; fileRef = 184CB5532A4492E600ED9953 /* Apple.swift */; };
		184CB5552A4492E600ED9953 /* Apple.swift in Sources */ = {isa = PBXBuildFile; fileRef = 184CB5532A4492E600ED9953 /* Apple.swift */; };
		184CB5572A44943500ED9953 /* SwiftLanguage.swift in Sources */ = {isa = PBXBuildFile; fileRef = 184CB5562A44943500ED9953 /* SwiftLanguage.swift */; };
		184CB5582A44943500ED9953 /* SwiftLanguage.swift in Sources */ = {isa = PBXBuildFile; fileRef = 184CB5562A44943500ED9953 /* SwiftLanguage.swift */; };
/* End PBXBuildFile section */

/* Begin PBXContainerItemProxy section */
		184CB53E2A44911100ED9953 /* PBXContainerItemProxy */ = {
			isa = PBXContainerItemProxy;
			containerPortal = 184CB5292A44911100ED9953 /* Project object */;
			proxyType = 1;
			remoteGlobalIDString = 184CB5312A44911100ED9953;
			remoteInfo = AppleInc;
		};
/* End PBXContainerItemProxy section */

/* Begin PBXFileReference section */
		184CB5322A44911100ED9953 /* AppleInc.framework */ = {isa = PBXFileReference; explicitFileType = wrapper.framework; includeInIndex = 0; path = AppleInc.framework; sourceTree = BUILT_PRODUCTS_DIR; };
		184CB5352A44911100ED9953 /* AppleInc.h */ = {isa = PBXFileReference; lastKnownFileType = sourcecode.c.h; path = AppleInc.h; sourceTree = "<group>"; };
		184CB5362A44911100ED9953 /* AppleInc.docc */ = {isa = PBXFileReference; lastKnownFileType = folder.documentationcatalog; path = AppleInc.docc; sourceTree = "<group>"; };
		184CB53C2A44911100ED9953 /* AppleIncTests.xctest */ = {isa = PBXFileReference; explicitFileType = wrapper.cfbundle; includeInIndex = 0; path = AppleIncTests.xctest; sourceTree = BUILT_PRODUCTS_DIR; };
		184CB5412A44911100ED9953 /* AppleIncTests.swift */ = {isa = PBXFileReference; lastKnownFileType = sourcecode.swift; path = AppleIncTests.swift; sourceTree = "<group>"; };
		184CB54C2A44914600ED9953 /* AccessControl.playground */ = {isa = PBXFileReference; lastKnownFileType = file.playground; name = AccessControl.playground; path = ../AccessControl.playground; sourceTree = "<group>"; xcLanguageSpecificationIdentifier = xcode.lang.swift; };
		184CB54D2A4491B700ED9953 /* SecretProductDepartment.swift */ = {isa = PBXFileReference; lastKnownFileType = sourcecode.swift; path = SecretProductDepartment.swift; sourceTree = "<group>"; };
		184CB5502A4492D800ED9953 /* AppleStore.swift */ = {isa = PBXFileReference; lastKnownFileType = sourcecode.swift; path = AppleStore.swift; sourceTree = "<group>"; };
		184CB5532A4492E600ED9953 /* Apple.swift */ = {isa = PBXFileReference; lastKnownFileType = sourcecode.swift; path = Apple.swift; sourceTree = "<group>"; };
		184CB5562A44943500ED9953 /* SwiftLanguage.swift */ = {isa = PBXFileReference; lastKnownFileType = sourcecode.swift; path = SwiftLanguage.swift; sourceTree = "<group>"; };
/* End PBXFileReference section */

/* Begin PBXFrameworksBuildPhase section */
		184CB52F2A44911100ED9953 /* Frameworks */ = {
			isa = PBXFrameworksBuildPhase;
			buildActionMask = 2147483647;
			files = (
			);
			runOnlyForDeploymentPostprocessing = 0;
		};
		184CB5392A44911100ED9953 /* Frameworks */ = {
			isa = PBXFrameworksBuildPhase;
			buildActionMask = 2147483647;
			files = (
				184CB53D2A44911100ED9953 /* AppleInc.framework in Frameworks */,
			);
			runOnlyForDeploymentPostprocessing = 0;
		};
/* End PBXFrameworksBuildPhase section */

/* Begin PBXGroup section */
		184CB5282A44911100ED9953 = {
			isa = PBXGroup;
			children = (
				184CB54D2A4491B700ED9953 /* SecretProductDepartment.swift */,
				184CB5502A4492D800ED9953 /* AppleStore.swift */,
				184CB5532A4492E600ED9953 /* Apple.swift */,
				184CB5562A44943500ED9953 /* SwiftLanguage.swift */,
				184CB54C2A44914600ED9953 /* AccessControl.playground */,
				184CB5342A44911100ED9953 /* AppleInc */,
				184CB5402A44911100ED9953 /* AppleIncTests */,
				184CB5332A44911100ED9953 /* Products */,
			);
			sourceTree = "<group>";
		};
		184CB5332A44911100ED9953 /* Products */ = {
			isa = PBXGroup;
			children = (
				184CB5322A44911100ED9953 /* AppleInc.framework */,
				184CB53C2A44911100ED9953 /* AppleIncTests.xctest */,
			);
			name = Products;
			sourceTree = "<group>";
		};
		184CB5342A44911100ED9953 /* AppleInc */ = {
			isa = PBXGroup;
			children = (
				184CB5352A44911100ED9953 /* AppleInc.h */,
				184CB5362A44911100ED9953 /* AppleInc.docc */,
			);
			path = AppleInc;
			sourceTree = "<group>";
		};
		184CB5402A44911100ED9953 /* AppleIncTests */ = {
			isa = PBXGroup;
			children = (
				184CB5412A44911100ED9953 /* AppleIncTests.swift */,
			);
			path = AppleIncTests;
			sourceTree = "<group>";
		};
/* End PBXGroup section */

/* Begin PBXHeadersBuildPhase section */
		184CB52D2A44911100ED9953 /* Headers */ = {
			isa = PBXHeadersBuildPhase;
			buildActionMask = 2147483647;
			files = (
				184CB5432A44911100ED9953 /* AppleInc.h in Headers */,
			);
			runOnlyForDeploymentPostprocessing = 0;
		};
/* End PBXHeadersBuildPhase section */

/* Begin PBXNativeTarget section */
		184CB5312A44911100ED9953 /* AppleInc */ = {
			isa = PBXNativeTarget;
			buildConfigurationList = 184CB5462A44911100ED9953 /* Build configuration list for PBXNativeTarget "AppleInc" */;
			buildPhases = (
				184CB52D2A44911100ED9953 /* Headers */,
				184CB52E2A44911100ED9953 /* Sources */,
				184CB52F2A44911100ED9953 /* Frameworks */,
				184CB5302A44911100ED9953 /* Resources */,
			);
			buildRules = (
			);
			dependencies = (
			);
			name = AppleInc;
			productName = AppleInc;
			productReference = 184CB5322A44911100ED9953 /* AppleInc.framework */;
			productType = "com.apple.product-type.framework";
		};
		184CB53B2A44911100ED9953 /* AppleIncTests */ = {
			isa = PBXNativeTarget;
			buildConfigurationList = 184CB5492A44911100ED9953 /* Build configuration list for PBXNativeTarget "AppleIncTests" */;
			buildPhases = (
				184CB5382A44911100ED9953 /* Sources */,
				184CB5392A44911100ED9953 /* Frameworks */,
				184CB53A2A44911100ED9953 /* Resources */,
			);
			buildRules = (
			);
			dependencies = (
				184CB53F2A44911100ED9953 /* PBXTargetDependency */,
			);
			name = AppleIncTests;
			productName = AppleIncTests;
			productReference = 184CB53C2A44911100ED9953 /* AppleIncTests.xctest */;
			productType = "com.apple.product-type.bundle.unit-test";
		};
/* End PBXNativeTarget section */

/* Begin PBXProject section */
		184CB5292A44911100ED9953 /* Project object */ = {
			isa = PBXProject;
			attributes = {
				BuildIndependentTargetsInParallel = 1;
				LastSwiftUpdateCheck = 1430;
				LastUpgradeCheck = 1430;
				TargetAttributes = {
					184CB5312A44911100ED9953 = {
						CreatedOnToolsVersion = 14.3.1;
					};
					184CB53B2A44911100ED9953 = {
						CreatedOnToolsVersion = 14.3.1;
					};
				};
			};
			buildConfigurationList = 184CB52C2A44911100ED9953 /* Build configuration list for PBXProject "AppleInc" */;
			compatibilityVersion = "Xcode 14.0";
			developmentRegion = en;
			hasScannedForEncodings = 0;
			knownRegions = (
				en,
				Base,
			);
			mainGroup = 184CB5282A44911100ED9953;
			productRefGroup = 184CB5332A44911100ED9953 /* Products */;
			projectDirPath = "";
			projectRoot = "";
			targets = (
				184CB5312A44911100ED9953 /* AppleInc */,
				184CB53B2A44911100ED9953 /* AppleIncTests */,
			);
		};
/* End PBXProject section */

/* Begin PBXResourcesBuildPhase section */
		184CB5302A44911100ED9953 /* Resources */ = {
			isa = PBXResourcesBuildPhase;
			buildActionMask = 2147483647;
			files = (
			);
			runOnlyForDeploymentPostprocessing = 0;
		};
		184CB53A2A44911100ED9953 /* Resources */ = {
			isa = PBXResourcesBuildPhase;
			buildActionMask = 2147483647;
			files = (
			);
			runOnlyForDeploymentPostprocessing = 0;
		};
/* End PBXResourcesBuildPhase section */

/* Begin PBXSourcesBuildPhase section */
		184CB52E2A44911100ED9953 /* Sources */ = {
			isa = PBXSourcesBuildPhase;
			buildActionMask = 2147483647;
			files = (
				184CB5542A4492E600ED9953 /* Apple.swift in Sources */,
				184CB5372A44911100ED9953 /* AppleInc.docc in Sources */,
				184CB54E2A4491B700ED9953 /* SecretProductDepartment.swift in Sources */,
				184CB5572A44943500ED9953 /* SwiftLanguage.swift in Sources */,
				184CB5512A4492D800ED9953 /* AppleStore.swift in Sources */,
			);
			runOnlyForDeploymentPostprocessing = 0;
		};
		184CB5382A44911100ED9953 /* Sources */ = {
			isa = PBXSourcesBuildPhase;
			buildActionMask = 2147483647;
			files = (
				184CB5552A4492E600ED9953 /* Apple.swift in Sources */,
				184CB5422A44911100ED9953 /* AppleIncTests.swift in Sources */,
				184CB54F2A4491B700ED9953 /* SecretProductDepartment.swift in Sources */,
				184CB5582A44943500ED9953 /* SwiftLanguage.swift in Sources */,
				184CB5522A4492D800ED9953 /* AppleStore.swift in Sources */,
			);
			runOnlyForDeploymentPostprocessing = 0;
		};
/* End PBXSourcesBuildPhase section */

/* Begin PBXTargetDependency section */
		184CB53F2A44911100ED9953 /* PBXTargetDependency */ = {
			isa = PBXTargetDependency;
			target = 184CB5312A44911100ED9953 /* AppleInc */;
			targetProxy = 184CB53E2A44911100ED9953 /* PBXContainerItemProxy */;
		};
/* End PBXTargetDependency section */

/* Begin XCBuildConfiguration section */
		184CB5442A44911100ED9953 /* Debug */ = {
			isa = XCBuildConfiguration;
			buildSettings = {
				ALWAYS_SEARCH_USER_PATHS = NO;
				CLANG_ANALYZER_NONNULL = YES;
				CLANG_ANALYZER_NUMBER_OBJECT_CONVERSION = YES_AGGRESSIVE;
				CLANG_CXX_LANGUAGE_STANDARD = "gnu++20";
				CLANG_ENABLE_MODULES = YES;
				CLANG_ENABLE_OBJC_ARC = YES;
				CLANG_ENABLE_OBJC_WEAK = YES;
				CLANG_WARN_BLOCK_CAPTURE_AUTORELEASING = YES;
				CLANG_WARN_BOOL_CONVERSION = YES;
				CLANG_WARN_COMMA = YES;
				CLANG_WARN_CONSTANT_CONVERSION = YES;
				CLANG_WARN_DEPRECATED_OBJC_IMPLEMENTATIONS = YES;
				CLANG_WARN_DIRECT_OBJC_ISA_USAGE = YES_ERROR;
				CLANG_WARN_DOCUMENTATION_COMMENTS = YES;
				CLANG_WARN_EMPTY_BODY = YES;
				CLANG_WARN_ENUM_CONVERSION = YES;
				CLANG_WARN_INFINITE_RECURSION = YES;
				CLANG_WARN_INT_CONVERSION = YES;
				CLANG_WARN_NON_LITERAL_NULL_CONVERSION = YES;
				CLANG_WARN_OBJC_IMPLICIT_RETAIN_SELF = YES;
				CLANG_WARN_OBJC_LITERAL_CONVERSION = YES;
				CLANG_WARN_OBJC_ROOT_CLASS = YES_ERROR;
				CLANG_WARN_QUOTED_INCLUDE_IN_FRAMEWORK_HEADER = YES;
				CLANG_WARN_RANGE_LOOP_ANALYSIS = YES;
				CLANG_WARN_STRICT_PROTOTYPES = YES;
				CLANG_WARN_SUSPICIOUS_MOVE = YES;
				CLANG_WARN_UNGUARDED_AVAILABILITY = YES_AGGRESSIVE;
				CLANG_WARN_UNREACHABLE_CODE = YES;
				CLANG_WARN__DUPLICATE_METHOD_MATCH = YES;
				COPY_PHASE_STRIP = NO;
				CURRENT_PROJECT_VERSION = 1;
				DEBUG_INFORMATION_FORMAT = dwarf;
				ENABLE_STRICT_OBJC_MSGSEND = YES;
				ENABLE_TESTABILITY = YES;
				GCC_C_LANGUAGE_STANDARD = gnu11;
				GCC_DYNAMIC_NO_PIC = NO;
				GCC_NO_COMMON_BLOCKS = YES;
				GCC_OPTIMIZATION_LEVEL = 0;
				GCC_PREPROCESSOR_DEFINITIONS = (
					"DEBUG=1",
					"$(inherited)",
				);
				GCC_WARN_64_TO_32_BIT_CONVERSION = YES;
				GCC_WARN_ABOUT_RETURN_TYPE = YES_ERROR;
				GCC_WARN_UNDECLARED_SELECTOR = YES;
				GCC_WARN_UNINITIALIZED_AUTOS = YES_AGGRESSIVE;
				GCC_WARN_UNUSED_FUNCTION = YES;
				GCC_WARN_UNUSED_VARIABLE = YES;
				IPHONEOS_DEPLOYMENT_TARGET = 16.4;
				MTL_ENABLE_DEBUG_INFO = INCLUDE_SOURCE;
				MTL_FAST_MATH = YES;
				ONLY_ACTIVE_ARCH = YES;
				SDKROOT = iphoneos;
				SWIFT_ACTIVE_COMPILATION_CONDITIONS = DEBUG;
				SWIFT_OPTIMIZATION_LEVEL = "-Onone";
				VERSIONING_SYSTEM = "apple-generic";
				VERSION_INFO_PREFIX = "";
			};
			name = Debug;
		};
		184CB5452A44911100ED9953 /* Release */ = {
			isa = XCBuildConfiguration;
			buildSettings = {
				ALWAYS_SEARCH_USER_PATHS = NO;
				CLANG_ANALYZER_NONNULL = YES;
				CLANG_ANALYZER_NUMBER_OBJECT_CONVERSION = YES_AGGRESSIVE;
				CLANG_CXX_LANGUAGE_STANDARD = "gnu++20";
				CLANG_ENABLE_MODULES = YES;
				CLANG_ENABLE_OBJC_ARC = YES;
				CLANG_ENABLE_OBJC_WEAK = YES;
				CLANG_WARN_BLOCK_CAPTURE_AUTORELEASING = YES;
				CLANG_WARN_BOOL_CONVERSION = YES;
				CLANG_WARN_COMMA = YES;
				CLANG_WARN_CONSTANT_CONVERSION = YES;
				CLANG_WARN_DEPRECATED_OBJC_IMPLEMENTATIONS = YES;
				CLANG_WARN_DIRECT_OBJC_ISA_USAGE = YES_ERROR;
				CLANG_WARN_DOCUMENTATION_COMMENTS = YES;
				CLANG_WARN_EMPTY_BODY = YES;
				CLANG_WARN_ENUM_CONVERSION = YES;
				CLANG_WARN_INFINITE_RECURSION = YES;
				CLANG_WARN_INT_CONVERSION = YES;
				CLANG_WARN_NON_LITERAL_NULL_CONVERSION = YES;
				CLANG_WARN_OBJC_IMPLICIT_RETAIN_SELF = YES;
				CLANG_WARN_OBJC_LITERAL_CONVERSION = YES;
				CLANG_WARN_OBJC_ROOT_CLASS = YES_ERROR;
				CLANG_WARN_QUOTED_INCLUDE_IN_FRAMEWORK_HEADER = YES;
				CLANG_WARN_RANGE_LOOP_ANALYSIS = YES;
				CLANG_WARN_STRICT_PROTOTYPES = YES;
				CLANG_WARN_SUSPICIOUS_MOVE = YES;
				CLANG_WARN_UNGUARDED_AVAILABILITY = YES_AGGRESSIVE;
				CLANG_WARN_UNREACHABLE_CODE = YES;
				CLANG_WARN__DUPLICATE_METHOD_MATCH = YES;
				COPY_PHASE_STRIP = NO;
				CURRENT_PROJECT_VERSION = 1;
				DEBUG_INFORMATION_FORMAT = "dwarf-with-dsym";
				ENABLE_NS_ASSERTIONS = NO;
				ENABLE_STRICT_OBJC_MSGSEND = YES;
				GCC_C_LANGUAGE_STANDARD = gnu11;
				GCC_NO_COMMON_BLOCKS = YES;
				GCC_WARN_64_TO_32_BIT_CONVERSION = YES;
				GCC_WARN_ABOUT_RETURN_TYPE = YES_ERROR;
				GCC_WARN_UNDECLARED_SELECTOR = YES;
				GCC_WARN_UNINITIALIZED_AUTOS = YES_AGGRESSIVE;
				GCC_WARN_UNUSED_FUNCTION = YES;
				GCC_WARN_UNUSED_VARIABLE = YES;
				IPHONEOS_DEPLOYMENT_TARGET = 16.4;
				MTL_ENABLE_DEBUG_INFO = NO;
				MTL_FAST_MATH = YES;
				SDKROOT = iphoneos;
				SWIFT_COMPILATION_MODE = wholemodule;
				SWIFT_OPTIMIZATION_LEVEL = "-O";
				VALIDATE_PRODUCT = YES;
				VERSIONING_SYSTEM = "apple-generic";
				VERSION_INFO_PREFIX = "";
			};
			name = Release;
		};
		184CB5472A44911100ED9953 /* Debug */ = {
			isa = XCBuildConfiguration;
			buildSettings = {
				CODE_SIGN_STYLE = Automatic;
				CURRENT_PROJECT_VERSION = 1;
				DEFINES_MODULE = YES;
				DYLIB_COMPATIBILITY_VERSION = 1;
				DYLIB_CURRENT_VERSION = 1;
				DYLIB_INSTALL_NAME_BASE = "@rpath";
				ENABLE_MODULE_VERIFIER = YES;
				GENERATE_INFOPLIST_FILE = YES;
				INFOPLIST_KEY_NSHumanReadableCopyright = "";
				INSTALL_PATH = "$(LOCAL_LIBRARY_DIR)/Frameworks";
				LD_RUNPATH_SEARCH_PATHS = (
					"$(inherited)",
					"@executable_path/Frameworks",
					"@loader_path/Frameworks",
				);
				MARKETING_VERSION = 1.0;
				MODULE_VERIFIER_SUPPORTED_LANGUAGES = "objective-c objective-c++";
				MODULE_VERIFIER_SUPPORTED_LANGUAGE_STANDARDS = "gnu11 gnu++20";
				PRODUCT_BUNDLE_IDENTIFIER = enfycius.AppleInc;
				PRODUCT_NAME = "$(TARGET_NAME:c99extidentifier)";
				SKIP_INSTALL = YES;
				SWIFT_EMIT_LOC_STRINGS = YES;
				SWIFT_VERSION = 5.0;
				TARGETED_DEVICE_FAMILY = "1,2";
			};
			name = Debug;
		};
		184CB5482A44911100ED9953 /* Release */ = {
			isa = XCBuildConfiguration;
			buildSettings = {
				CODE_SIGN_STYLE = Automatic;
				CURRENT_PROJECT_VERSION = 1;
				DEFINES_MODULE = YES;
				DYLIB_COMPATIBILITY_VERSION = 1;
				DYLIB_CURRENT_VERSION = 1;
				DYLIB_INSTALL_NAME_BASE = "@rpath";
				ENABLE_MODULE_VERIFIER = YES;
				GENERATE_INFOPLIST_FILE = YES;
				INFOPLIST_KEY_NSHumanReadableCopyright = "";
				INSTALL_PATH = "$(LOCAL_LIBRARY_DIR)/Frameworks";
				LD_RUNPATH_SEARCH_PATHS = (
					"$(inherited)",
					"@executable_path/Frameworks",
					"@loader_path/Frameworks",
				);
				MARKETING_VERSION = 1.0;
				MODULE_VERIFIER_SUPPORTED_LANGUAGES = "objective-c objective-c++";
				MODULE_VERIFIER_SUPPORTED_LANGUAGE_STANDARDS = "gnu11 gnu++20";
				PRODUCT_BUNDLE_IDENTIFIER = enfycius.AppleInc;
				PRODUCT_NAME = "$(TARGET_NAME:c99extidentifier)";
				SKIP_INSTALL = YES;
				SWIFT_EMIT_LOC_STRINGS = YES;
				SWIFT_VERSION = 5.0;
				TARGETED_DEVICE_FAMILY = "1,2";
			};
			name = Release;
		};
		184CB54A2A44911100ED9953 /* Debug */ = {
			isa = XCBuildConfiguration;
			buildSettings = {
				ALWAYS_EMBED_SWIFT_STANDARD_LIBRARIES = YES;
				CODE_SIGN_STYLE = Automatic;
				CURRENT_PROJECT_VERSION = 1;
				GENERATE_INFOPLIST_FILE = YES;
				MARKETING_VERSION = 1.0;
				PRODUCT_BUNDLE_IDENTIFIER = enfycius.AppleIncTests;
				PRODUCT_NAME = "$(TARGET_NAME)";
				SWIFT_EMIT_LOC_STRINGS = NO;
				SWIFT_VERSION = 5.0;
				TARGETED_DEVICE_FAMILY = "1,2";
			};
			name = Debug;
		};
		184CB54B2A44911100ED9953 /* Release */ = {
			isa = XCBuildConfiguration;
			buildSettings = {
				ALWAYS_EMBED_SWIFT_STANDARD_LIBRARIES = YES;
				CODE_SIGN_STYLE = Automatic;
				CURRENT_PROJECT_VERSION = 1;
				GENERATE_INFOPLIST_FILE = YES;
				MARKETING_VERSION = 1.0;
				PRODUCT_BUNDLE_IDENTIFIER = enfycius.AppleIncTests;
				PRODUCT_NAME = "$(TARGET_NAME)";
				SWIFT_EMIT_LOC_STRINGS = NO;
				SWIFT_VERSION = 5.0;
				TARGETED_DEVICE_FAMILY = "1,2";
			};
			name = Release;
		};
/* End XCBuildConfiguration section */

/* Begin XCConfigurationList section */
		184CB52C2A44911100ED9953 /* Build configuration list for PBXProject "AppleInc" */ = {
			isa = XCConfigurationList;
			buildConfigurations = (
				184CB5442A44911100ED9953 /* Debug */,
				184CB5452A44911100ED9953 /* Release */,
			);
			defaultConfigurationIsVisible = 0;
			defaultConfigurationName = Release;
		};
		184CB5462A44911100ED9953 /* Build configuration list for PBXNativeTarget "AppleInc" */ = {
			isa = XCConfigurationList;
			buildConfigurations = (
				184CB5472A44911100ED9953 /* Debug */,
				184CB5482A44911100ED9953 /* Release */,
			);
			defaultConfigurationIsVisible = 0;
			defaultConfigurationName = Release;
		};
		184CB5492A44911100ED9953 /* Build configuration list for PBXNativeTarget "AppleIncTests" */ = {
			isa = XCConfigurationList;
			buildConfigurations = (
				184CB54A2A44911100ED9953 /* Debug */,
				184CB54B2A44911100ED9953 /* Release */,
			);
			defaultConfigurationIsVisible = 0;
			defaultConfigurationName = Release;
		};
/* End XCConfigurationList section */
	};
	rootObject = 184CB5292A44911100ED9953 /* Project object */;
}
